{
  "object": {
    "pins": [
      {
        "package": "BDSwiftility",
        "repositoryURL": "https://github.com/iDara09/BDSwiftility.git",
        "state": {
          "branch": null,
          "revision": "84a658b4fac6b4e25ae997437783c705e1ad69f9",
          "version": "1.0.3"
        }
      },
      {
        "package": "BDUIKnit",
        "repositoryURL": "https://github.com/iDara09/BDUIKnit.git",
        "state": {
          "branch": null,
          "revision": "19e57a917e9a08d4a56fab90812b43d518210954",
          "version": "1.1.8"
        }
      },
      {
        "package": "Down",
        "repositoryURL": "https://github.com/iwasrobbed/Down.git",
        "state": {
          "branch": null,
          "revision": "2aada56e6a0a5593a58e1ad583bd605b6d0b58dd",
          "version": "0.9.2"
        }
      }
    ]
  },
  "version": 1
}
