// !$*UTF8*$!
{
	archiveVersion = 1;
	classes = {
	};
	objectVersion = 50;
	objects = {

/* Begin PBXBuildFile section */
		B408105A223329130081919B /* VocabularyConnection.swift in Sources */ = {isa = PBXBuildFile; fileRef = B4081058223329130081919B /* VocabularyConnection.swift */; };
		B40A802621F5917300DCDF11 /* DataModel.xcdatamodeld in Sources */ = {isa = PBXBuildFile; fileRef = B40A802421F5917300DCDF11 /* DataModel.xcdatamodeld */; };
		B40A802A21F595B500DCDF11 /* Vocabulary.swift in Sources */ = {isa = PBXBuildFile; fileRef = B40A802821F595B500DCDF11 /* Vocabulary.swift */; };
		B40A803121F59C9100DCDF11 /* CoreDataStack.swift in Sources */ = {isa = PBXBuildFile; fileRef = B40A803021F59C9100DCDF11 /* CoreDataStack.swift */; };
		B40F58B122337C35008E0241 /* RecordMetadata.swift in Sources */ = {isa = PBXBuildFile; fileRef = B40F58AF22337C35008E0241 /* RecordMetadata.swift */; };
		B437BDA121F1972600A1B016 /* AppDelegate.swift in Sources */ = {isa = PBXBuildFile; fileRef = B437BDA021F1972600A1B016 /* AppDelegate.swift */; };
		B437BDA621F1972600A1B016 /* Main.storyboard in Resources */ = {isa = PBXBuildFile; fileRef = B437BDA421F1972600A1B016 /* Main.storyboard */; };
		B437BDA821F1972700A1B016 /* Assets.xcassets in Resources */ = {isa = PBXBuildFile; fileRef = B437BDA721F1972700A1B016 /* Assets.xcassets */; };
		B437BDAB21F1972700A1B016 /* LaunchScreen.storyboard in Resources */ = {isa = PBXBuildFile; fileRef = B437BDA921F1972700A1B016 /* LaunchScreen.storyboard */; };
		B437BDB721F197E900A1B016 /* MainTabBarViewController.swift in Sources */ = {isa = PBXBuildFile; fileRef = B437BDB621F197E900A1B016 /* MainTabBarViewController.swift */; };
		B437BDBA21F198DB00A1B016 /* VocabularyViewController.swift in Sources */ = {isa = PBXBuildFile; fileRef = B437BDB921F198DB00A1B016 /* VocabularyViewController.swift */; };
		B437BDC221F1B80C00A1B016 /* VocabularyCollectionViewController.swift in Sources */ = {isa = PBXBuildFile; fileRef = B437BDC121F1B80C00A1B016 /* VocabularyCollectionViewController.swift */; };
		B437BDC521F1B86500A1B016 /* VocabularyCollectionCell.swift in Sources */ = {isa = PBXBuildFile; fileRef = B437BDC421F1B86500A1B016 /* VocabularyCollectionCell.swift */; };
		B437BDC821F1BB0900A1B016 /* Subview+Constraint.swift in Sources */ = {isa = PBXBuildFile; fileRef = B437BDC621F1BB0800A1B016 /* Subview+Constraint.swift */; };
		B437BDC921F1BB0900A1B016 /* TableView+CollectionView.swift in Sources */ = {isa = PBXBuildFile; fileRef = B437BDC721F1BB0900A1B016 /* TableView+CollectionView.swift */; };
		B43FDF782239BF0100191392 /* UserProfileViewController.swift in Sources */ = {isa = PBXBuildFile; fileRef = B43FDF772239BF0100191392 /* UserProfileViewController.swift */; };
		B43FDF7A2239C69000191392 /* UserProfileHeaderView.swift in Sources */ = {isa = PBXBuildFile; fileRef = B43FDF792239C69000191392 /* UserProfileHeaderView.swift */; };
		B43FDF7C2239D22900191392 /* UserProfileTextFieldCell.swift in Sources */ = {isa = PBXBuildFile; fileRef = B43FDF7B2239D22900191392 /* UserProfileTextFieldCell.swift */; };
		B43FDF7E223A0AD500191392 /* UserProfileViewer.swift in Sources */ = {isa = PBXBuildFile; fileRef = B43FDF7D223A0AD500191392 /* UserProfileViewer.swift */; };
		B4419DFE223C4F3200F0F3AB /* String.swift in Sources */ = {isa = PBXBuildFile; fileRef = B4419DFD223C4F3200F0F3AB /* String.swift */; };
		B44CA61522485D010001177A /* CustomAlert.swift in Sources */ = {isa = PBXBuildFile; fileRef = B44CA61422485D010001177A /* CustomAlert.swift */; };
		B450E81A22383016002EDC04 /* UserDefaultsManager.swift in Sources */ = {isa = PBXBuildFile; fileRef = B450E81922383016002EDC04 /* UserDefaultsManager.swift */; };
		B450E82222384C72002EDC04 /* FNoteTests.swift in Sources */ = {isa = PBXBuildFile; fileRef = B450E82122384C72002EDC04 /* FNoteTests.swift */; };
		B45AB9B12219C724009D337C /* VocabularyCollectionCoordinator.swift in Sources */ = {isa = PBXBuildFile; fileRef = B45AB9B02219C724009D337C /* VocabularyCollectionCoordinator.swift */; };
		B45AB9B32219C780009D337C /* VocbularyAdder.swift in Sources */ = {isa = PBXBuildFile; fileRef = B45AB9B22219C780009D337C /* VocbularyAdder.swift */; };
		B45AB9B52219C7C1009D337C /* VocabularyViewer.swift in Sources */ = {isa = PBXBuildFile; fileRef = B45AB9B42219C7C1009D337C /* VocabularyViewer.swift */; };
		B460297C21F3F0C1009C11DE /* OptionTableViewController.swift in Sources */ = {isa = PBXBuildFile; fileRef = B460297B21F3F0C1009C11DE /* OptionTableViewController.swift */; };
		B464F663223B06A9007F906B /* UserGuide.swift in Sources */ = {isa = PBXBuildFile; fileRef = B464F662223B06A9007F906B /* UserGuide.swift */; };
		B464F666223B0E6B007F906B /* add-collection-guide.json in Resources */ = {isa = PBXBuildFile; fileRef = B464F665223B0E6B007F906B /* add-collection-guide.json */; };
		B464F669223B4F34007F906B /* StringValidator.swift in Sources */ = {isa = PBXBuildFile; fileRef = B464F668223B4F34007F906B /* StringValidator.swift */; };
		B464F66B223B689B007F906B /* GuideView.swift in Sources */ = {isa = PBXBuildFile; fileRef = B464F66A223B689B007F906B /* GuideView.swift */; };
		B472F74222073EBF00761939 /* LocalRecord.swift in Sources */ = {isa = PBXBuildFile; fileRef = B472F74122073EBF00761939 /* LocalRecord.swift */; };
		B472F74422076AE200761939 /* Coordinator.swift in Sources */ = {isa = PBXBuildFile; fileRef = B472F74322076AE200761939 /* Coordinator.swift */; };
		B47A07412217D59500EE8856 /* Typealias.swift in Sources */ = {isa = PBXBuildFile; fileRef = B47A07402217D59500EE8856 /* Typealias.swift */; };
		B47A07452217E41200EE8856 /* ManagedObjectContext.swift in Sources */ = {isa = PBXBuildFile; fileRef = B47A07442217E41200EE8856 /* ManagedObjectContext.swift */; };
		B48A620221F23D2500C75A8C /* Image+Color.swift in Sources */ = {isa = PBXBuildFile; fileRef = B48A620121F23D2500C75A8C /* Image+Color.swift */; };
		B48A620421F25E6D00C75A8C /* VocabularyCollectionViewFlowLayout.swift in Sources */ = {isa = PBXBuildFile; fileRef = B48A620321F25E6D00C75A8C /* VocabularyCollectionViewFlowLayout.swift */; };
		B48A620621F2875100C75A8C /* IndexPathSections.swift in Sources */ = {isa = PBXBuildFile; fileRef = B48A620521F2875100C75A8C /* IndexPathSections.swift */; };
		B48A620A21F2931E00C75A8C /* VocabularyTextFieldCell.swift in Sources */ = {isa = PBXBuildFile; fileRef = B48A620921F2931E00C75A8C /* VocabularyTextFieldCell.swift */; };
		B48A620C21F2B33000C75A8C /* VocabularySelectionCell.swift in Sources */ = {isa = PBXBuildFile; fileRef = B48A620B21F2B33000C75A8C /* VocabularySelectionCell.swift */; };
		B48A620E21F2F4CF00C75A8C /* VocabularyNoteCell.swift in Sources */ = {isa = PBXBuildFile; fileRef = B48A620D21F2F4CF00C75A8C /* VocabularyNoteCell.swift */; };
		B49B72AA223AE77D0083C1DE /* DescriptionGuideView.swift in Sources */ = {isa = PBXBuildFile; fileRef = B49B72A9223AE77D0083C1DE /* DescriptionGuideView.swift */; };
		B4AD1A632225E30C00459D46 /* Animation.swift in Sources */ = {isa = PBXBuildFile; fileRef = B4AD1A622225E30C00459D46 /* Animation.swift */; };
		B4B1DC1F2244B85300297572 /* VocabularyTagCell.swift in Sources */ = {isa = PBXBuildFile; fileRef = B4B1DC1E2244B85300297572 /* VocabularyTagCell.swift */; };
		B4B1DC212244BC8400297572 /* VocabularyCollectionViewTagCell.swift in Sources */ = {isa = PBXBuildFile; fileRef = B4B1DC202244BC8400297572 /* VocabularyCollectionViewTagCell.swift */; };
		B4B1DC232245754A00297572 /* Label.swift in Sources */ = {isa = PBXBuildFile; fileRef = B4B1DC222245754A00297572 /* Label.swift */; };
		B4B95FFE22441D0500B9560D /* add-vocabulary-guide.json in Resources */ = {isa = PBXBuildFile; fileRef = B4B95FFD22441D0500B9560D /* add-vocabulary-guide.json */; };
		B4D5E69E222A2E33000C2DB3 /* ViewController.swift in Sources */ = {isa = PBXBuildFile; fileRef = B4D5E69D222A2E33000C2DB3 /* ViewController.swift */; };
		B4D83D55222B350500CBE6FE /* VocabularyRemover.swift in Sources */ = {isa = PBXBuildFile; fileRef = B4D83D54222B350500CBE6FE /* VocabularyRemover.swift */; };
		B4EA7755223493CB00D5AD2C /* User.swift in Sources */ = {isa = PBXBuildFile; fileRef = B4EA7753223493CB00D5AD2C /* User.swift */; };
		B4F03CEA21F62ADC004C4225 /* VocabularyCollection.swift in Sources */ = {isa = PBXBuildFile; fileRef = B4F03CE821F62ADC004C4225 /* VocabularyCollection.swift */; };
		B4F5C82C21F7B910007E8108 /* CloudKit.framework in Frameworks */ = {isa = PBXBuildFile; fileRef = B4F5C82B21F7B910007E8108 /* CloudKit.framework */; };
		B4F5C82E21F7BF67007E8108 /* CloudKitService.swift in Sources */ = {isa = PBXBuildFile; fileRef = B4F5C82D21F7BF67007E8108 /* CloudKitService.swift */; };
		B4FE95A6224177F0002285BC /* Tag.swift in Sources */ = {isa = PBXBuildFile; fileRef = B4FE95A4224177F0002285BC /* Tag.swift */; };
/* End PBXBuildFile section */

/* Begin PBXContainerItemProxy section */
		B450E82422384C72002EDC04 /* PBXContainerItemProxy */ = {
			isa = PBXContainerItemProxy;
			containerPortal = B437BD9521F1972600A1B016 /* Project object */;
			proxyType = 1;
			remoteGlobalIDString = B437BD9C21F1972600A1B016;
			remoteInfo = FNote;
		};
/* End PBXContainerItemProxy section */

/* Begin PBXFileReference section */
		B4081058223329130081919B /* VocabularyConnection.swift */ = {isa = PBXFileReference; lastKnownFileType = sourcecode.swift; path = VocabularyConnection.swift; sourceTree = "<group>"; };
		B40A802521F5917300DCDF11 /* DataModel.xcdatamodel */ = {isa = PBXFileReference; lastKnownFileType = wrapper.xcdatamodel; path = DataModel.xcdatamodel; sourceTree = "<group>"; };
		B40A802821F595B500DCDF11 /* Vocabulary.swift */ = {isa = PBXFileReference; lastKnownFileType = sourcecode.swift; path = Vocabulary.swift; sourceTree = "<group>"; };
		B40A803021F59C9100DCDF11 /* CoreDataStack.swift */ = {isa = PBXFileReference; lastKnownFileType = sourcecode.swift; path = CoreDataStack.swift; sourceTree = "<group>"; };
		B40F58AF22337C35008E0241 /* RecordMetadata.swift */ = {isa = PBXFileReference; lastKnownFileType = sourcecode.swift; path = RecordMetadata.swift; sourceTree = "<group>"; };
		B437BD9D21F1972600A1B016 /* FNote.app */ = {isa = PBXFileReference; explicitFileType = wrapper.application; includeInIndex = 0; path = FNote.app; sourceTree = BUILT_PRODUCTS_DIR; };
		B437BDA021F1972600A1B016 /* AppDelegate.swift */ = {isa = PBXFileReference; lastKnownFileType = sourcecode.swift; path = AppDelegate.swift; sourceTree = "<group>"; };
		B437BDA521F1972600A1B016 /* Base */ = {isa = PBXFileReference; lastKnownFileType = file.storyboard; name = Base; path = Base.lproj/Main.storyboard; sourceTree = "<group>"; };
		B437BDA721F1972700A1B016 /* Assets.xcassets */ = {isa = PBXFileReference; lastKnownFileType = folder.assetcatalog; path = Assets.xcassets; sourceTree = "<group>"; };
		B437BDAA21F1972700A1B016 /* Base */ = {isa = PBXFileReference; lastKnownFileType = file.storyboard; name = Base; path = Base.lproj/LaunchScreen.storyboard; sourceTree = "<group>"; };
		B437BDAC21F1972700A1B016 /* Info.plist */ = {isa = PBXFileReference; lastKnownFileType = text.plist.xml; path = Info.plist; sourceTree = "<group>"; };
		B437BDB621F197E900A1B016 /* MainTabBarViewController.swift */ = {isa = PBXFileReference; lastKnownFileType = sourcecode.swift; path = MainTabBarViewController.swift; sourceTree = "<group>"; };
		B437BDB921F198DB00A1B016 /* VocabularyViewController.swift */ = {isa = PBXFileReference; lastKnownFileType = sourcecode.swift; path = VocabularyViewController.swift; sourceTree = "<group>"; };
		B437BDC121F1B80C00A1B016 /* VocabularyCollectionViewController.swift */ = {isa = PBXFileReference; lastKnownFileType = sourcecode.swift; path = VocabularyCollectionViewController.swift; sourceTree = "<group>"; };
		B437BDC421F1B86500A1B016 /* VocabularyCollectionCell.swift */ = {isa = PBXFileReference; lastKnownFileType = sourcecode.swift; path = VocabularyCollectionCell.swift; sourceTree = "<group>"; };
		B437BDC621F1BB0800A1B016 /* Subview+Constraint.swift */ = {isa = PBXFileReference; fileEncoding = 4; lastKnownFileType = sourcecode.swift; path = "Subview+Constraint.swift"; sourceTree = "<group>"; };
		B437BDC721F1BB0900A1B016 /* TableView+CollectionView.swift */ = {isa = PBXFileReference; fileEncoding = 4; lastKnownFileType = sourcecode.swift; path = "TableView+CollectionView.swift"; sourceTree = "<group>"; };
		B43FDF772239BF0100191392 /* UserProfileViewController.swift */ = {isa = PBXFileReference; lastKnownFileType = sourcecode.swift; path = UserProfileViewController.swift; sourceTree = "<group>"; };
		B43FDF792239C69000191392 /* UserProfileHeaderView.swift */ = {isa = PBXFileReference; lastKnownFileType = sourcecode.swift; path = UserProfileHeaderView.swift; sourceTree = "<group>"; };
		B43FDF7B2239D22900191392 /* UserProfileTextFieldCell.swift */ = {isa = PBXFileReference; lastKnownFileType = sourcecode.swift; path = UserProfileTextFieldCell.swift; sourceTree = "<group>"; };
		B43FDF7D223A0AD500191392 /* UserProfileViewer.swift */ = {isa = PBXFileReference; lastKnownFileType = sourcecode.swift; path = UserProfileViewer.swift; sourceTree = "<group>"; };
		B4419DFD223C4F3200F0F3AB /* String.swift */ = {isa = PBXFileReference; lastKnownFileType = sourcecode.swift; path = String.swift; sourceTree = "<group>"; };
		B44CA61422485D010001177A /* CustomAlert.swift */ = {isa = PBXFileReference; lastKnownFileType = sourcecode.swift; path = CustomAlert.swift; sourceTree = "<group>"; };
		B450E81922383016002EDC04 /* UserDefaultsManager.swift */ = {isa = PBXFileReference; lastKnownFileType = sourcecode.swift; path = UserDefaultsManager.swift; sourceTree = "<group>"; };
		B450E81F22384C72002EDC04 /* FNoteTests.xctest */ = {isa = PBXFileReference; explicitFileType = wrapper.cfbundle; includeInIndex = 0; path = FNoteTests.xctest; sourceTree = BUILT_PRODUCTS_DIR; };
		B450E82122384C72002EDC04 /* FNoteTests.swift */ = {isa = PBXFileReference; lastKnownFileType = sourcecode.swift; path = FNoteTests.swift; sourceTree = "<group>"; };
		B450E82322384C72002EDC04 /* Info.plist */ = {isa = PBXFileReference; lastKnownFileType = text.plist.xml; path = Info.plist; sourceTree = "<group>"; };
		B45AB9B02219C724009D337C /* VocabularyCollectionCoordinator.swift */ = {isa = PBXFileReference; lastKnownFileType = sourcecode.swift; path = VocabularyCollectionCoordinator.swift; sourceTree = "<group>"; };
		B45AB9B22219C780009D337C /* VocbularyAdder.swift */ = {isa = PBXFileReference; lastKnownFileType = sourcecode.swift; path = VocbularyAdder.swift; sourceTree = "<group>"; };
		B45AB9B42219C7C1009D337C /* VocabularyViewer.swift */ = {isa = PBXFileReference; lastKnownFileType = sourcecode.swift; path = VocabularyViewer.swift; sourceTree = "<group>"; };
		B460297B21F3F0C1009C11DE /* OptionTableViewController.swift */ = {isa = PBXFileReference; lastKnownFileType = sourcecode.swift; path = OptionTableViewController.swift; sourceTree = "<group>"; };
		B464F662223B06A9007F906B /* UserGuide.swift */ = {isa = PBXFileReference; lastKnownFileType = sourcecode.swift; path = UserGuide.swift; sourceTree = "<group>"; };
		B464F665223B0E6B007F906B /* add-collection-guide.json */ = {isa = PBXFileReference; fileEncoding = 4; lastKnownFileType = text.json; path = "add-collection-guide.json"; sourceTree = "<group>"; };
		B464F668223B4F34007F906B /* StringValidator.swift */ = {isa = PBXFileReference; lastKnownFileType = sourcecode.swift; path = StringValidator.swift; sourceTree = "<group>"; };
		B464F66A223B689B007F906B /* GuideView.swift */ = {isa = PBXFileReference; lastKnownFileType = sourcecode.swift; path = GuideView.swift; sourceTree = "<group>"; };
		B472F74122073EBF00761939 /* LocalRecord.swift */ = {isa = PBXFileReference; lastKnownFileType = sourcecode.swift; path = LocalRecord.swift; sourceTree = "<group>"; };
		B472F74322076AE200761939 /* Coordinator.swift */ = {isa = PBXFileReference; lastKnownFileType = sourcecode.swift; path = Coordinator.swift; sourceTree = "<group>"; };
		B47A07402217D59500EE8856 /* Typealias.swift */ = {isa = PBXFileReference; lastKnownFileType = sourcecode.swift; path = Typealias.swift; sourceTree = "<group>"; };
		B47A07442217E41200EE8856 /* ManagedObjectContext.swift */ = {isa = PBXFileReference; lastKnownFileType = sourcecode.swift; path = ManagedObjectContext.swift; sourceTree = "<group>"; };
		B48A620121F23D2500C75A8C /* Image+Color.swift */ = {isa = PBXFileReference; lastKnownFileType = sourcecode.swift; path = "Image+Color.swift"; sourceTree = "<group>"; };
		B48A620321F25E6D00C75A8C /* VocabularyCollectionViewFlowLayout.swift */ = {isa = PBXFileReference; lastKnownFileType = sourcecode.swift; path = VocabularyCollectionViewFlowLayout.swift; sourceTree = "<group>"; };
		B48A620521F2875100C75A8C /* IndexPathSections.swift */ = {isa = PBXFileReference; lastKnownFileType = sourcecode.swift; path = IndexPathSections.swift; sourceTree = "<group>"; };
		B48A620921F2931E00C75A8C /* VocabularyTextFieldCell.swift */ = {isa = PBXFileReference; lastKnownFileType = sourcecode.swift; path = VocabularyTextFieldCell.swift; sourceTree = "<group>"; };
		B48A620B21F2B33000C75A8C /* VocabularySelectionCell.swift */ = {isa = PBXFileReference; lastKnownFileType = sourcecode.swift; path = VocabularySelectionCell.swift; sourceTree = "<group>"; };
		B48A620D21F2F4CF00C75A8C /* VocabularyNoteCell.swift */ = {isa = PBXFileReference; lastKnownFileType = sourcecode.swift; path = VocabularyNoteCell.swift; sourceTree = "<group>"; };
		B49B72A9223AE77D0083C1DE /* DescriptionGuideView.swift */ = {isa = PBXFileReference; lastKnownFileType = sourcecode.swift; path = DescriptionGuideView.swift; sourceTree = "<group>"; };
		B4AD1A622225E30C00459D46 /* Animation.swift */ = {isa = PBXFileReference; lastKnownFileType = sourcecode.swift; path = Animation.swift; sourceTree = "<group>"; };
		B4B1DC1E2244B85300297572 /* VocabularyTagCell.swift */ = {isa = PBXFileReference; lastKnownFileType = sourcecode.swift; path = VocabularyTagCell.swift; sourceTree = "<group>"; };
		B4B1DC202244BC8400297572 /* VocabularyCollectionViewTagCell.swift */ = {isa = PBXFileReference; lastKnownFileType = sourcecode.swift; path = VocabularyCollectionViewTagCell.swift; sourceTree = "<group>"; };
		B4B1DC222245754A00297572 /* Label.swift */ = {isa = PBXFileReference; lastKnownFileType = sourcecode.swift; path = Label.swift; sourceTree = "<group>"; };
		B4B95FFD22441D0500B9560D /* add-vocabulary-guide.json */ = {isa = PBXFileReference; fileEncoding = 4; lastKnownFileType = text.json; path = "add-vocabulary-guide.json"; sourceTree = "<group>"; };
		B4D5E69D222A2E33000C2DB3 /* ViewController.swift */ = {isa = PBXFileReference; lastKnownFileType = sourcecode.swift; path = ViewController.swift; sourceTree = "<group>"; };
		B4D83D54222B350500CBE6FE /* VocabularyRemover.swift */ = {isa = PBXFileReference; lastKnownFileType = sourcecode.swift; path = VocabularyRemover.swift; sourceTree = "<group>"; };
		B4EA7753223493CB00D5AD2C /* User.swift */ = {isa = PBXFileReference; lastKnownFileType = sourcecode.swift; path = User.swift; sourceTree = "<group>"; };
		B4F03CE821F62ADC004C4225 /* VocabularyCollection.swift */ = {isa = PBXFileReference; lastKnownFileType = sourcecode.swift; path = VocabularyCollection.swift; sourceTree = "<group>"; };
		B4F5C82921F7B8CA007E8108 /* FNote.entitlements */ = {isa = PBXFileReference; lastKnownFileType = text.plist.entitlements; path = FNote.entitlements; sourceTree = "<group>"; };
		B4F5C82B21F7B910007E8108 /* CloudKit.framework */ = {isa = PBXFileReference; lastKnownFileType = wrapper.framework; name = CloudKit.framework; path = System/Library/Frameworks/CloudKit.framework; sourceTree = SDKROOT; };
		B4F5C82D21F7BF67007E8108 /* CloudKitService.swift */ = {isa = PBXFileReference; lastKnownFileType = sourcecode.swift; path = CloudKitService.swift; sourceTree = "<group>"; };
		B4FE95A4224177F0002285BC /* Tag.swift */ = {isa = PBXFileReference; lastKnownFileType = sourcecode.swift; path = Tag.swift; sourceTree = "<group>"; };
/* End PBXFileReference section */

/* Begin PBXFrameworksBuildPhase section */
		B437BD9A21F1972600A1B016 /* Frameworks */ = {
			isa = PBXFrameworksBuildPhase;
			buildActionMask = 2147483647;
			files = (
				B4F5C82C21F7B910007E8108 /* CloudKit.framework in Frameworks */,
			);
			runOnlyForDeploymentPostprocessing = 0;
		};
		B450E81C22384C72002EDC04 /* Frameworks */ = {
			isa = PBXFrameworksBuildPhase;
			buildActionMask = 2147483647;
			files = (
			);
			runOnlyForDeploymentPostprocessing = 0;
		};
/* End PBXFrameworksBuildPhase section */

/* Begin PBXGroup section */
		B40A802721F5958F00DCDF11 /* Managed Object Model */ = {
			isa = PBXGroup;
			children = (
				B40F58AF22337C35008E0241 /* RecordMetadata.swift */,
				B4EA7753223493CB00D5AD2C /* User.swift */,
				B4F03CE821F62ADC004C4225 /* VocabularyCollection.swift */,
				B40A802821F595B500DCDF11 /* Vocabulary.swift */,
				B4081058223329130081919B /* VocabularyConnection.swift */,
				B4FE95A4224177F0002285BC /* Tag.swift */,
			);
			path = "Managed Object Model";
			sourceTree = "<group>";
		};
		B437BD9421F1972600A1B016 = {
			isa = PBXGroup;
			children = (
				B437BD9F21F1972600A1B016 /* FNote */,
				B450E82022384C72002EDC04 /* FNoteTests */,
				B437BD9E21F1972600A1B016 /* Products */,
				B4F5C82A21F7B910007E8108 /* Frameworks */,
			);
			sourceTree = "<group>";
		};
		B437BD9E21F1972600A1B016 /* Products */ = {
			isa = PBXGroup;
			children = (
				B437BD9D21F1972600A1B016 /* FNote.app */,
				B450E81F22384C72002EDC04 /* FNoteTests.xctest */,
			);
			name = Products;
			sourceTree = "<group>";
		};
		B437BD9F21F1972600A1B016 /* FNote */ = {
			isa = PBXGroup;
			children = (
				B437BDB221F1979300A1B016 /* Controller */,
				B48D5F522217756800066564 /* Coordinator */,
				B45AB9B62219C7F0009D337C /* Protocol */,
				B437BDC021F1B7AD00A1B016 /* Vocabulary Collection Scene */,
				B437BDB821F1981B00A1B016 /* Vocabulary Scene */,
				B43FDF762239BEB700191392 /* User Profile Scene */,
				B450E81622382819002EDC04 /* Manager+Service */,
				B437BDB421F197AD00A1B016 /* Model */,
				B40A802721F5958F00DCDF11 /* Managed Object Model */,
				B437BDB321F197AB00A1B016 /* View */,
				B437BDB521F197AF00A1B016 /* Extension+Utility */,
				B464F664223B0E45007F906B /* Resource */,
				B437BDA021F1972600A1B016 /* AppDelegate.swift */,
				B437BDA721F1972700A1B016 /* Assets.xcassets */,
				B437BDA421F1972600A1B016 /* Main.storyboard */,
				B437BDA921F1972700A1B016 /* LaunchScreen.storyboard */,
				B437BDAC21F1972700A1B016 /* Info.plist */,
				B4F5C82921F7B8CA007E8108 /* FNote.entitlements */,
				B40A802421F5917300DCDF11 /* DataModel.xcdatamodeld */,
			);
			path = FNote;
			sourceTree = "<group>";
		};
		B437BDB221F1979300A1B016 /* Controller */ = {
			isa = PBXGroup;
			children = (
				B437BDB621F197E900A1B016 /* MainTabBarViewController.swift */,
				B460297B21F3F0C1009C11DE /* OptionTableViewController.swift */,
			);
			path = Controller;
			sourceTree = "<group>";
		};
		B437BDB321F197AB00A1B016 /* View */ = {
			isa = PBXGroup;
			children = (
				B49B72A9223AE77D0083C1DE /* DescriptionGuideView.swift */,
			);
			path = View;
			sourceTree = "<group>";
		};
		B437BDB421F197AD00A1B016 /* Model */ = {
			isa = PBXGroup;
			children = (
				B48A620521F2875100C75A8C /* IndexPathSections.swift */,
				B472F74122073EBF00761939 /* LocalRecord.swift */,
				B464F662223B06A9007F906B /* UserGuide.swift */,
				B464F668223B4F34007F906B /* StringValidator.swift */,
			);
			path = Model;
			sourceTree = "<group>";
		};
		B437BDB521F197AF00A1B016 /* Extension+Utility */ = {
			isa = PBXGroup;
			children = (
				B47A07402217D59500EE8856 /* Typealias.swift */,
				B44CA61422485D010001177A /* CustomAlert.swift */,
				B437BDC621F1BB0800A1B016 /* Subview+Constraint.swift */,
				B437BDC721F1BB0900A1B016 /* TableView+CollectionView.swift */,
				B48A620121F23D2500C75A8C /* Image+Color.swift */,
				B4AD1A622225E30C00459D46 /* Animation.swift */,
				B4D5E69D222A2E33000C2DB3 /* ViewController.swift */,
				B47A07442217E41200EE8856 /* ManagedObjectContext.swift */,
				B4419DFD223C4F3200F0F3AB /* String.swift */,
				B4B1DC222245754A00297572 /* Label.swift */,
			);
			path = "Extension+Utility";
			sourceTree = "<group>";
		};
		B437BDB821F1981B00A1B016 /* Vocabulary Scene */ = {
			isa = PBXGroup;
			children = (
				B437BDB921F198DB00A1B016 /* VocabularyViewController.swift */,
				B48A620921F2931E00C75A8C /* VocabularyTextFieldCell.swift */,
				B48A620B21F2B33000C75A8C /* VocabularySelectionCell.swift */,
				B48A620D21F2F4CF00C75A8C /* VocabularyNoteCell.swift */,
				B4B1DC1E2244B85300297572 /* VocabularyTagCell.swift */,
				B4B1DC202244BC8400297572 /* VocabularyCollectionViewTagCell.swift */,
			);
			path = "Vocabulary Scene";
			sourceTree = "<group>";
		};
		B437BDC021F1B7AD00A1B016 /* Vocabulary Collection Scene */ = {
			isa = PBXGroup;
			children = (
				B437BDC121F1B80C00A1B016 /* VocabularyCollectionViewController.swift */,
				B48A620321F25E6D00C75A8C /* VocabularyCollectionViewFlowLayout.swift */,
				B437BDC421F1B86500A1B016 /* VocabularyCollectionCell.swift */,
			);
			path = "Vocabulary Collection Scene";
			sourceTree = "<group>";
		};
		B43FDF762239BEB700191392 /* User Profile Scene */ = {
			isa = PBXGroup;
			children = (
				B43FDF772239BF0100191392 /* UserProfileViewController.swift */,
				B43FDF792239C69000191392 /* UserProfileHeaderView.swift */,
				B43FDF7B2239D22900191392 /* UserProfileTextFieldCell.swift */,
			);
			path = "User Profile Scene";
			sourceTree = "<group>";
		};
		B450E81622382819002EDC04 /* Manager+Service */ = {
			isa = PBXGroup;
			children = (
				B40A803021F59C9100DCDF11 /* CoreDataStack.swift */,
				B4F5C82D21F7BF67007E8108 /* CloudKitService.swift */,
				B450E81922383016002EDC04 /* UserDefaultsManager.swift */,
			);
			path = "Manager+Service";
			sourceTree = "<group>";
		};
		B450E82022384C72002EDC04 /* FNoteTests */ = {
			isa = PBXGroup;
			children = (
				B450E82122384C72002EDC04 /* FNoteTests.swift */,
				B450E82322384C72002EDC04 /* Info.plist */,
			);
			path = FNoteTests;
			sourceTree = "<group>";
		};
		B45AB9B62219C7F0009D337C /* Protocol */ = {
			isa = PBXGroup;
			children = (
				B45AB9B22219C780009D337C /* VocbularyAdder.swift */,
				B45AB9B42219C7C1009D337C /* VocabularyViewer.swift */,
				B4D83D54222B350500CBE6FE /* VocabularyRemover.swift */,
				B43FDF7D223A0AD500191392 /* UserProfileViewer.swift */,
				B464F66A223B689B007F906B /* GuideView.swift */,
			);
			path = Protocol;
			sourceTree = "<group>";
		};
		B464F664223B0E45007F906B /* Resource */ = {
			isa = PBXGroup;
			children = (
				B464F667223B1D1A007F906B /* User Guide */,
			);
			path = Resource;
			sourceTree = "<group>";
		};
		B464F667223B1D1A007F906B /* User Guide */ = {
			isa = PBXGroup;
			children = (
				B464F665223B0E6B007F906B /* add-collection-guide.json */,
				B4B95FFD22441D0500B9560D /* add-vocabulary-guide.json */,
			);
			path = "User Guide";
			sourceTree = "<group>";
		};
		B48D5F522217756800066564 /* Coordinator */ = {
			isa = PBXGroup;
			children = (
				B472F74322076AE200761939 /* Coordinator.swift */,
				B45AB9B02219C724009D337C /* VocabularyCollectionCoordinator.swift */,
			);
			path = Coordinator;
			sourceTree = "<group>";
		};
		B4F5C82A21F7B910007E8108 /* Frameworks */ = {
			isa = PBXGroup;
			children = (
				B4F5C82B21F7B910007E8108 /* CloudKit.framework */,
			);
			name = Frameworks;
			sourceTree = "<group>";
		};
/* End PBXGroup section */

/* Begin PBXNativeTarget section */
		B437BD9C21F1972600A1B016 /* FNote */ = {
			isa = PBXNativeTarget;
			buildConfigurationList = B437BDAF21F1972700A1B016 /* Build configuration list for PBXNativeTarget "FNote" */;
			buildPhases = (
				B437BD9921F1972600A1B016 /* Sources */,
				B437BD9A21F1972600A1B016 /* Frameworks */,
				B437BD9B21F1972600A1B016 /* Resources */,
			);
			buildRules = (
			);
			dependencies = (
			);
			name = FNote;
			productName = FNote;
			productReference = B437BD9D21F1972600A1B016 /* FNote.app */;
			productType = "com.apple.product-type.application";
		};
		B450E81E22384C72002EDC04 /* FNoteTests */ = {
			isa = PBXNativeTarget;
			buildConfigurationList = B450E82822384C73002EDC04 /* Build configuration list for PBXNativeTarget "FNoteTests" */;
			buildPhases = (
				B450E81B22384C72002EDC04 /* Sources */,
				B450E81C22384C72002EDC04 /* Frameworks */,
				B450E81D22384C72002EDC04 /* Resources */,
			);
			buildRules = (
			);
			dependencies = (
				B450E82522384C72002EDC04 /* PBXTargetDependency */,
			);
			name = FNoteTests;
			productName = FNoteTests;
			productReference = B450E81F22384C72002EDC04 /* FNoteTests.xctest */;
			productType = "com.apple.product-type.bundle.unit-test";
		};
/* End PBXNativeTarget section */

/* Begin PBXProject section */
		B437BD9521F1972600A1B016 /* Project object */ = {
			isa = PBXProject;
			attributes = {
				LastSwiftUpdateCheck = 1010;
				LastUpgradeCheck = 1010;
				ORGANIZATIONNAME = "Dara Beng";
				TargetAttributes = {
					B437BD9C21F1972600A1B016 = {
						CreatedOnToolsVersion = 10.1;
						SystemCapabilities = {
							com.apple.Push = {
								enabled = 1;
							};
							com.apple.iCloud = {
								enabled = 1;
							};
						};
					};
					B450E81E22384C72002EDC04 = {
						CreatedOnToolsVersion = 10.1;
						TestTargetID = B437BD9C21F1972600A1B016;
					};
				};
			};
			buildConfigurationList = B437BD9821F1972600A1B016 /* Build configuration list for PBXProject "FNote" */;
			compatibilityVersion = "Xcode 9.3";
			developmentRegion = en;
			hasScannedForEncodings = 0;
			knownRegions = (
				en,
				Base,
			);
			mainGroup = B437BD9421F1972600A1B016;
			productRefGroup = B437BD9E21F1972600A1B016 /* Products */;
			projectDirPath = "";
			projectRoot = "";
			targets = (
				B437BD9C21F1972600A1B016 /* FNote */,
				B450E81E22384C72002EDC04 /* FNoteTests */,
			);
		};
/* End PBXProject section */

/* Begin PBXResourcesBuildPhase section */
		B437BD9B21F1972600A1B016 /* Resources */ = {
			isa = PBXResourcesBuildPhase;
			buildActionMask = 2147483647;
			files = (
				B437BDAB21F1972700A1B016 /* LaunchScreen.storyboard in Resources */,
				B464F666223B0E6B007F906B /* add-collection-guide.json in Resources */,
				B437BDA821F1972700A1B016 /* Assets.xcassets in Resources */,
				B4B95FFE22441D0500B9560D /* add-vocabulary-guide.json in Resources */,
				B437BDA621F1972600A1B016 /* Main.storyboard in Resources */,
			);
			runOnlyForDeploymentPostprocessing = 0;
		};
		B450E81D22384C72002EDC04 /* Resources */ = {
			isa = PBXResourcesBuildPhase;
			buildActionMask = 2147483647;
			files = (
			);
			runOnlyForDeploymentPostprocessing = 0;
		};
/* End PBXResourcesBuildPhase section */

/* Begin PBXSourcesBuildPhase section */
		B437BD9921F1972600A1B016 /* Sources */ = {
			isa = PBXSourcesBuildPhase;
			buildActionMask = 2147483647;
			files = (
				B4F5C82E21F7BF67007E8108 /* CloudKitService.swift in Sources */,
				B4EA7755223493CB00D5AD2C /* User.swift in Sources */,
				B472F74222073EBF00761939 /* LocalRecord.swift in Sources */,
				B472F74422076AE200761939 /* Coordinator.swift in Sources */,
				B44CA61522485D010001177A /* CustomAlert.swift in Sources */,
				B48A620E21F2F4CF00C75A8C /* VocabularyNoteCell.swift in Sources */,
				B437BDB721F197E900A1B016 /* MainTabBarViewController.swift in Sources */,
				B460297C21F3F0C1009C11DE /* OptionTableViewController.swift in Sources */,
				B47A07412217D59500EE8856 /* Typealias.swift in Sources */,
				B43FDF7E223A0AD500191392 /* UserProfileViewer.swift in Sources */,
				B48A620221F23D2500C75A8C /* Image+Color.swift in Sources */,
				B464F669223B4F34007F906B /* StringValidator.swift in Sources */,
				B43FDF7A2239C69000191392 /* UserProfileHeaderView.swift in Sources */,
				B408105A223329130081919B /* VocabularyConnection.swift in Sources */,
				B40A802621F5917300DCDF11 /* DataModel.xcdatamodeld in Sources */,
				B437BDA121F1972600A1B016 /* AppDelegate.swift in Sources */,
				B43FDF782239BF0100191392 /* UserProfileViewController.swift in Sources */,
				B437BDC521F1B86500A1B016 /* VocabularyCollectionCell.swift in Sources */,
				B437BDC821F1BB0900A1B016 /* Subview+Constraint.swift in Sources */,
				B464F66B223B689B007F906B /* GuideView.swift in Sources */,
				B40A803121F59C9100DCDF11 /* CoreDataStack.swift in Sources */,
				B48A620421F25E6D00C75A8C /* VocabularyCollectionViewFlowLayout.swift in Sources */,
				B4D5E69E222A2E33000C2DB3 /* ViewController.swift in Sources */,
				B437BDBA21F198DB00A1B016 /* VocabularyViewController.swift in Sources */,
				B4F03CEA21F62ADC004C4225 /* VocabularyCollection.swift in Sources */,
				B464F663223B06A9007F906B /* UserGuide.swift in Sources */,
				B47A07452217E41200EE8856 /* ManagedObjectContext.swift in Sources */,
				B48A620A21F2931E00C75A8C /* VocabularyTextFieldCell.swift in Sources */,
				B437BDC921F1BB0900A1B016 /* TableView+CollectionView.swift in Sources */,
				B4B1DC1F2244B85300297572 /* VocabularyTagCell.swift in Sources */,
				B48A620621F2875100C75A8C /* IndexPathSections.swift in Sources */,
				B43FDF7C2239D22900191392 /* UserProfileTextFieldCell.swift in Sources */,
				B450E81A22383016002EDC04 /* UserDefaultsManager.swift in Sources */,
				B4AD1A632225E30C00459D46 /* Animation.swift in Sources */,
				B45AB9B12219C724009D337C /* VocabularyCollectionCoordinator.swift in Sources */,
				B4B1DC232245754A00297572 /* Label.swift in Sources */,
				B4FE95A6224177F0002285BC /* Tag.swift in Sources */,
				B40A802A21F595B500DCDF11 /* Vocabulary.swift in Sources */,
				B45AB9B52219C7C1009D337C /* VocabularyViewer.swift in Sources */,
				B48A620C21F2B33000C75A8C /* VocabularySelectionCell.swift in Sources */,
				B45AB9B32219C780009D337C /* VocbularyAdder.swift in Sources */,
				B4D83D55222B350500CBE6FE /* VocabularyRemover.swift in Sources */,
				B40F58B122337C35008E0241 /* RecordMetadata.swift in Sources */,
				B49B72AA223AE77D0083C1DE /* DescriptionGuideView.swift in Sources */,
				B437BDC221F1B80C00A1B016 /* VocabularyCollectionViewController.swift in Sources */,
				B4419DFE223C4F3200F0F3AB /* String.swift in Sources */,
				B4B1DC212244BC8400297572 /* VocabularyCollectionViewTagCell.swift in Sources */,
			);
			runOnlyForDeploymentPostprocessing = 0;
		};
		B450E81B22384C72002EDC04 /* Sources */ = {
			isa = PBXSourcesBuildPhase;
			buildActionMask = 2147483647;
			files = (
				B450E82222384C72002EDC04 /* FNoteTests.swift in Sources */,
			);
			runOnlyForDeploymentPostprocessing = 0;
		};
/* End PBXSourcesBuildPhase section */

/* Begin PBXTargetDependency section */
		B450E82522384C72002EDC04 /* PBXTargetDependency */ = {
			isa = PBXTargetDependency;
			target = B437BD9C21F1972600A1B016 /* FNote */;
			targetProxy = B450E82422384C72002EDC04 /* PBXContainerItemProxy */;
		};
/* End PBXTargetDependency section */

/* Begin PBXVariantGroup section */
		B437BDA421F1972600A1B016 /* Main.storyboard */ = {
			isa = PBXVariantGroup;
			children = (
				B437BDA521F1972600A1B016 /* Base */,
			);
			name = Main.storyboard;
			sourceTree = "<group>";
		};
		B437BDA921F1972700A1B016 /* LaunchScreen.storyboard */ = {
			isa = PBXVariantGroup;
			children = (
				B437BDAA21F1972700A1B016 /* Base */,
			);
			name = LaunchScreen.storyboard;
			sourceTree = "<group>";
		};
/* End PBXVariantGroup section */

/* Begin XCBuildConfiguration section */
		B437BDAD21F1972700A1B016 /* Debug */ = {
			isa = XCBuildConfiguration;
			buildSettings = {
				ALWAYS_SEARCH_USER_PATHS = NO;
				CLANG_ANALYZER_NONNULL = YES;
				CLANG_ANALYZER_NUMBER_OBJECT_CONVERSION = YES_AGGRESSIVE;
				CLANG_CXX_LANGUAGE_STANDARD = "gnu++14";
				CLANG_CXX_LIBRARY = "libc++";
				CLANG_ENABLE_MODULES = YES;
				CLANG_ENABLE_OBJC_ARC = YES;
				CLANG_ENABLE_OBJC_WEAK = YES;
				CLANG_WARN_BLOCK_CAPTURE_AUTORELEASING = YES;
				CLANG_WARN_BOOL_CONVERSION = YES;
				CLANG_WARN_COMMA = YES;
				CLANG_WARN_CONSTANT_CONVERSION = YES;
				CLANG_WARN_DEPRECATED_OBJC_IMPLEMENTATIONS = YES;
				CLANG_WARN_DIRECT_OBJC_ISA_USAGE = YES_ERROR;
				CLANG_WARN_DOCUMENTATION_COMMENTS = YES;
				CLANG_WARN_EMPTY_BODY = YES;
				CLANG_WARN_ENUM_CONVERSION = YES;
				CLANG_WARN_INFINITE_RECURSION = YES;
				CLANG_WARN_INT_CONVERSION = YES;
				CLANG_WARN_NON_LITERAL_NULL_CONVERSION = YES;
				CLANG_WARN_OBJC_IMPLICIT_RETAIN_SELF = YES;
				CLANG_WARN_OBJC_LITERAL_CONVERSION = YES;
				CLANG_WARN_OBJC_ROOT_CLASS = YES_ERROR;
				CLANG_WARN_RANGE_LOOP_ANALYSIS = YES;
				CLANG_WARN_STRICT_PROTOTYPES = YES;
				CLANG_WARN_SUSPICIOUS_MOVE = YES;
				CLANG_WARN_UNGUARDED_AVAILABILITY = YES_AGGRESSIVE;
				CLANG_WARN_UNREACHABLE_CODE = YES;
				CLANG_WARN__DUPLICATE_METHOD_MATCH = YES;
				CODE_SIGN_IDENTITY = "iPhone Developer";
				COPY_PHASE_STRIP = NO;
				DEBUG_INFORMATION_FORMAT = dwarf;
				ENABLE_STRICT_OBJC_MSGSEND = YES;
				ENABLE_TESTABILITY = YES;
				GCC_C_LANGUAGE_STANDARD = gnu11;
				GCC_DYNAMIC_NO_PIC = NO;
				GCC_NO_COMMON_BLOCKS = YES;
				GCC_OPTIMIZATION_LEVEL = 0;
				GCC_PREPROCESSOR_DEFINITIONS = (
					"DEBUG=1",
					"$(inherited)",
				);
				GCC_WARN_64_TO_32_BIT_CONVERSION = YES;
				GCC_WARN_ABOUT_RETURN_TYPE = YES_ERROR;
				GCC_WARN_UNDECLARED_SELECTOR = YES;
				GCC_WARN_UNINITIALIZED_AUTOS = YES_AGGRESSIVE;
				GCC_WARN_UNUSED_FUNCTION = YES;
				GCC_WARN_UNUSED_VARIABLE = YES;
				IPHONEOS_DEPLOYMENT_TARGET = 12.1;
				MTL_ENABLE_DEBUG_INFO = INCLUDE_SOURCE;
				MTL_FAST_MATH = YES;
				ONLY_ACTIVE_ARCH = YES;
				SDKROOT = iphoneos;
				SWIFT_ACTIVE_COMPILATION_CONDITIONS = DEBUG;
				SWIFT_OPTIMIZATION_LEVEL = "-Onone";
			};
			name = Debug;
		};
		B437BDAE21F1972700A1B016 /* Release */ = {
			isa = XCBuildConfiguration;
			buildSettings = {
				ALWAYS_SEARCH_USER_PATHS = NO;
				CLANG_ANALYZER_NONNULL = YES;
				CLANG_ANALYZER_NUMBER_OBJECT_CONVERSION = YES_AGGRESSIVE;
				CLANG_CXX_LANGUAGE_STANDARD = "gnu++14";
				CLANG_CXX_LIBRARY = "libc++";
				CLANG_ENABLE_MODULES = YES;
				CLANG_ENABLE_OBJC_ARC = YES;
				CLANG_ENABLE_OBJC_WEAK = YES;
				CLANG_WARN_BLOCK_CAPTURE_AUTORELEASING = YES;
				CLANG_WARN_BOOL_CONVERSION = YES;
				CLANG_WARN_COMMA = YES;
				CLANG_WARN_CONSTANT_CONVERSION = YES;
				CLANG_WARN_DEPRECATED_OBJC_IMPLEMENTATIONS = YES;
				CLANG_WARN_DIRECT_OBJC_ISA_USAGE = YES_ERROR;
				CLANG_WARN_DOCUMENTATION_COMMENTS = YES;
				CLANG_WARN_EMPTY_BODY = YES;
				CLANG_WARN_ENUM_CONVERSION = YES;
				CLANG_WARN_INFINITE_RECURSION = YES;
				CLANG_WARN_INT_CONVERSION = YES;
				CLANG_WARN_NON_LITERAL_NULL_CONVERSION = YES;
				CLANG_WARN_OBJC_IMPLICIT_RETAIN_SELF = YES;
				CLANG_WARN_OBJC_LITERAL_CONVERSION = YES;
				CLANG_WARN_OBJC_ROOT_CLASS = YES_ERROR;
				CLANG_WARN_RANGE_LOOP_ANALYSIS = YES;
				CLANG_WARN_STRICT_PROTOTYPES = YES;
				CLANG_WARN_SUSPICIOUS_MOVE = YES;
				CLANG_WARN_UNGUARDED_AVAILABILITY = YES_AGGRESSIVE;
				CLANG_WARN_UNREACHABLE_CODE = YES;
				CLANG_WARN__DUPLICATE_METHOD_MATCH = YES;
				CODE_SIGN_IDENTITY = "iPhone Developer";
				COPY_PHASE_STRIP = NO;
				DEBUG_INFORMATION_FORMAT = "dwarf-with-dsym";
				ENABLE_NS_ASSERTIONS = NO;
				ENABLE_STRICT_OBJC_MSGSEND = YES;
				GCC_C_LANGUAGE_STANDARD = gnu11;
				GCC_NO_COMMON_BLOCKS = YES;
				GCC_WARN_64_TO_32_BIT_CONVERSION = YES;
				GCC_WARN_ABOUT_RETURN_TYPE = YES_ERROR;
				GCC_WARN_UNDECLARED_SELECTOR = YES;
				GCC_WARN_UNINITIALIZED_AUTOS = YES_AGGRESSIVE;
				GCC_WARN_UNUSED_FUNCTION = YES;
				GCC_WARN_UNUSED_VARIABLE = YES;
				IPHONEOS_DEPLOYMENT_TARGET = 12.1;
				MTL_ENABLE_DEBUG_INFO = NO;
				MTL_FAST_MATH = YES;
				SDKROOT = iphoneos;
				SWIFT_COMPILATION_MODE = wholemodule;
				SWIFT_OPTIMIZATION_LEVEL = "-O";
				VALIDATE_PRODUCT = YES;
			};
			name = Release;
		};
		B437BDB021F1972700A1B016 /* Debug */ = {
			isa = XCBuildConfiguration;
			buildSettings = {
				ASSETCATALOG_COMPILER_APPICON_NAME = AppIcon;
				CODE_SIGN_ENTITLEMENTS = FNote/FNote.entitlements;
				CODE_SIGN_STYLE = Automatic;
				DEVELOPMENT_TEAM = J58QF9TXDQ;
				INFOPLIST_FILE = FNote/Info.plist;
				LD_RUNPATH_SEARCH_PATHS = (
					"$(inherited)",
					"@executable_path/Frameworks",
				);
				PRODUCT_BUNDLE_IDENTIFIER = com.bdaralan.FNote;
				PRODUCT_NAME = "$(TARGET_NAME)";
				SWIFT_VERSION = 4.2;
				TARGETED_DEVICE_FAMILY = "1,2";
			};
			name = Debug;
		};
		B437BDB121F1972700A1B016 /* Release */ = {
			isa = XCBuildConfiguration;
			buildSettings = {
				ASSETCATALOG_COMPILER_APPICON_NAME = AppIcon;
				CODE_SIGN_ENTITLEMENTS = FNote/FNote.entitlements;
				CODE_SIGN_STYLE = Automatic;
				DEVELOPMENT_TEAM = J58QF9TXDQ;
				INFOPLIST_FILE = FNote/Info.plist;
				LD_RUNPATH_SEARCH_PATHS = (
					"$(inherited)",
					"@executable_path/Frameworks",
				);
				PRODUCT_BUNDLE_IDENTIFIER = com.bdaralan.FNote;
				PRODUCT_NAME = "$(TARGET_NAME)";
				SWIFT_VERSION = 4.2;
				TARGETED_DEVICE_FAMILY = "1,2";
			};
			name = Release;
		};
		B450E82622384C72002EDC04 /* Debug */ = {
			isa = XCBuildConfiguration;
			buildSettings = {
				BUNDLE_LOADER = "$(TEST_HOST)";
				CODE_SIGN_STYLE = Automatic;
				DEVELOPMENT_TEAM = J58QF9TXDQ;
				INFOPLIST_FILE = FNoteTests/Info.plist;
				LD_RUNPATH_SEARCH_PATHS = (
					"$(inherited)",
					"@executable_path/Frameworks",
					"@loader_path/Frameworks",
				);
				PRODUCT_BUNDLE_IDENTIFIER = com.bdaralan.FNoteTests;
				PRODUCT_NAME = "$(TARGET_NAME)";
				SWIFT_VERSION = 4.2;
				TARGETED_DEVICE_FAMILY = "1,2";
				TEST_HOST = "$(BUILT_PRODUCTS_DIR)/FNote.app/FNote";
			};
			name = Debug;
		};
		B450E82722384C72002EDC04 /* Release */ = {
			isa = XCBuildConfiguration;
			buildSettings = {
				BUNDLE_LOADER = "$(TEST_HOST)";
				CODE_SIGN_STYLE = Automatic;
				DEVELOPMENT_TEAM = J58QF9TXDQ;
				INFOPLIST_FILE = FNoteTests/Info.plist;
				LD_RUNPATH_SEARCH_PATHS = (
					"$(inherited)",
					"@executable_path/Frameworks",
					"@loader_path/Frameworks",
				);
				PRODUCT_BUNDLE_IDENTIFIER = com.bdaralan.FNoteTests;
				PRODUCT_NAME = "$(TARGET_NAME)";
				SWIFT_VERSION = 4.2;
				TARGETED_DEVICE_FAMILY = "1,2";
				TEST_HOST = "$(BUILT_PRODUCTS_DIR)/FNote.app/FNote";
			};
			name = Release;
		};
/* End XCBuildConfiguration section */

/* Begin XCConfigurationList section */
		B437BD9821F1972600A1B016 /* Build configuration list for PBXProject "FNote" */ = {
			isa = XCConfigurationList;
			buildConfigurations = (
				B437BDAD21F1972700A1B016 /* Debug */,
				B437BDAE21F1972700A1B016 /* Release */,
			);
			defaultConfigurationIsVisible = 0;
			defaultConfigurationName = Release;
		};
		B437BDAF21F1972700A1B016 /* Build configuration list for PBXNativeTarget "FNote" */ = {
			isa = XCConfigurationList;
			buildConfigurations = (
				B437BDB021F1972700A1B016 /* Debug */,
				B437BDB121F1972700A1B016 /* Release */,
			);
			defaultConfigurationIsVisible = 0;
			defaultConfigurationName = Release;
		};
		B450E82822384C73002EDC04 /* Build configuration list for PBXNativeTarget "FNoteTests" */ = {
			isa = XCConfigurationList;
			buildConfigurations = (
				B450E82622384C72002EDC04 /* Debug */,
				B450E82722384C72002EDC04 /* Release */,
			);
			defaultConfigurationIsVisible = 0;
			defaultConfigurationName = Release;
		};
/* End XCConfigurationList section */

/* Begin XCVersionGroup section */
		B40A802421F5917300DCDF11 /* DataModel.xcdatamodeld */ = {
			isa = XCVersionGroup;
			children = (
				B40A802521F5917300DCDF11 /* DataModel.xcdatamodel */,
			);
			currentVersion = B40A802521F5917300DCDF11 /* DataModel.xcdatamodel */;
			path = DataModel.xcdatamodeld;
			sourceTree = "<group>";
			versionGroupType = wrapper.xcdatamodel;
		};
/* End XCVersionGroup section */
	};
	rootObject = B437BD9521F1972600A1B016 /* Project object */;
}
