// !$*UTF8*$!
{
	archiveVersion = 1;
	classes = {
	};
	objectVersion = 52;
	objects = {

/* Begin PBXBuildFile section */
		650D14E92332B96100B6E2BF /* View.swift in Sources */ = {isa = PBXBuildFile; fileRef = 650D14E82332B96100B6E2BF /* View.swift */; };
		B40056EE23D6B9C400997216 /* ModalTextFieldModel.swift in Sources */ = {isa = PBXBuildFile; fileRef = B40056ED23D6B9C300997216 /* ModalTextFieldModel.swift */; };
		B40056F023D6C26500997216 /* HomeTagView.swift in Sources */ = {isa = PBXBuildFile; fileRef = B40056EF23D6C26500997216 /* HomeTagView.swift */; };
		B40056F323D6C82900997216 /* ModalTextViewModel.swift in Sources */ = {isa = PBXBuildFile; fileRef = B40056F223D6C82900997216 /* ModalTextViewModel.swift */; };
		B40056F523D6CC8600997216 /* NavigationBarButton.swift in Sources */ = {isa = PBXBuildFile; fileRef = B40056F423D6CC8600997216 /* NavigationBarButton.swift */; };
		B40B519C2335C2D6002DA41D /* NotificationName.swift in Sources */ = {isa = PBXBuildFile; fileRef = B40B519B2335C2D6002DA41D /* NotificationName.swift */; };
		B4113FB923D2D539004E70DC /* NoteCardCell.swift in Sources */ = {isa = PBXBuildFile; fileRef = B4113FB823D2D539004E70DC /* NoteCardCell.swift */; };
		B4113FBC23D2D7D9004E70DC /* FNCollectionViewCell.swift in Sources */ = {isa = PBXBuildFile; fileRef = B4113FBB23D2D7D9004E70DC /* FNCollectionViewCell.swift */; };
		B4113FBE23D2DA5E004E70DC /* UIView.swift in Sources */ = {isa = PBXBuildFile; fileRef = B4113FBD23D2DA5E004E70DC /* UIView.swift */; };
		B411E0512332F6B4008D99A0 /* NotificationObserver.swift in Sources */ = {isa = PBXBuildFile; fileRef = B411E0502332F6B4008D99A0 /* NotificationObserver.swift */; };
		B424018B23ED2BAA0042B223 /* document-type-icon-320.png in Resources */ = {isa = PBXBuildFile; fileRef = B424018723ED2BAA0042B223 /* document-type-icon-320.png */; };
		B424018C23ED2BAA0042B223 /* document-type-icon-22.png in Resources */ = {isa = PBXBuildFile; fileRef = B424018823ED2BAA0042B223 /* document-type-icon-22.png */; };
		B424018D23ED2BAA0042B223 /* document-type-icon-64.png in Resources */ = {isa = PBXBuildFile; fileRef = B424018923ED2BAA0042B223 /* document-type-icon-64.png */; };
		B424018E23ED2BAA0042B223 /* document-type-icon-44.png in Resources */ = {isa = PBXBuildFile; fileRef = B424018A23ED2BAA0042B223 /* document-type-icon-44.png */; };
		B44625FA23E3D31A00B43526 /* UserStoredValue.swift in Sources */ = {isa = PBXBuildFile; fileRef = B44625F923E3D31A00B43526 /* UserStoredValue.swift */; };
		B44625FC23E3DE2D00B43526 /* UserPreference.swift in Sources */ = {isa = PBXBuildFile; fileRef = B44625FB23E3DE2D00B43526 /* UserPreference.swift */; };
		B448744623DEB578005EBA45 /* TagCell.swift in Sources */ = {isa = PBXBuildFile; fileRef = B448744523DEB578005EBA45 /* TagCell.swift */; };
		B448744823DEB73A005EBA45 /* TagCollectionViewModel.swift in Sources */ = {isa = PBXBuildFile; fileRef = B448744723DEB73A005EBA45 /* TagCollectionViewModel.swift */; };
		B448744A23DEC1B9005EBA45 /* LabelCollectionHeader.swift in Sources */ = {isa = PBXBuildFile; fileRef = B448744923DEC1B9005EBA45 /* LabelCollectionHeader.swift */; };
		B44E786C23DCAA7700428D4A /* SearchFieldCollectionHeader.swift in Sources */ = {isa = PBXBuildFile; fileRef = B44E786B23DCAA7700428D4A /* SearchFieldCollectionHeader.swift */; };
		B44E787023DE774600428D4A /* UICollectionView.swift in Sources */ = {isa = PBXBuildFile; fileRef = B44E786F23DE774600428D4A /* UICollectionView.swift */; };
		B452519923E0138C007A85CF /* ExportImportDataManager.swift in Sources */ = {isa = PBXBuildFile; fileRef = B452519823E0138C007A85CF /* ExportImportDataManager.swift */; };
		B45382D223EB7F7D0085400F /* NoteCardSortOptionPopoverView.swift in Sources */ = {isa = PBXBuildFile; fileRef = B45382D123EB7F7D0085400F /* NoteCardSortOptionPopoverView.swift */; };
		B45A4A032368A2810079D8DE /* NoteCardSearchScope.swift in Sources */ = {isa = PBXBuildFile; fileRef = B45A4A022368A2810079D8DE /* NoteCardSearchScope.swift */; };
		B46B0F592364A0CE0074B71A /* SearchTextField.swift in Sources */ = {isa = PBXBuildFile; fileRef = B46B0F582364A0CD0074B71A /* SearchTextField.swift */; };
		B46B3403232E80A7008B2088 /* ModalTextViewWrapper.swift in Sources */ = {isa = PBXBuildFile; fileRef = B46B3402232E80A7008B2088 /* ModalTextViewWrapper.swift */; };
		B46B3405232E8214008B2088 /* ModalTextView.swift in Sources */ = {isa = PBXBuildFile; fileRef = B46B3404232E8214008B2088 /* ModalTextView.swift */; };
		B46B3407232E8634008B2088 /* InputViewResponder.swift in Sources */ = {isa = PBXBuildFile; fileRef = B46B3406232E8634008B2088 /* InputViewResponder.swift */; };
		B47460B923E66D50001D07F4 /* NoteCardSortNavigationButton.swift in Sources */ = {isa = PBXBuildFile; fileRef = B47460B823E66D50001D07F4 /* NoteCardSortNavigationButton.swift */; };
		B4816A6923D8D73C006485F7 /* AppState.swift in Sources */ = {isa = PBXBuildFile; fileRef = B4816A6823D8D73C006485F7 /* AppState.swift */; };
		B4816A6B23D912E9006485F7 /* ObjectCUDRequest.swift in Sources */ = {isa = PBXBuildFile; fileRef = B4816A6A23D912E9006485F7 /* ObjectCUDRequest.swift */; };
		B4816A6D23D91327006485F7 /* NoteCardCUDRequest.swift in Sources */ = {isa = PBXBuildFile; fileRef = B4816A6C23D91327006485F7 /* NoteCardCUDRequest.swift */; };
		B4816A6F23D91341006485F7 /* NoteCardCollectionCUDRequest.swift in Sources */ = {isa = PBXBuildFile; fileRef = B4816A6E23D91341006485F7 /* NoteCardCollectionCUDRequest.swift */; };
		B4816A7123D91354006485F7 /* TagCUDRequest.swift in Sources */ = {isa = PBXBuildFile; fileRef = B4816A7023D91354006485F7 /* TagCUDRequest.swift */; };
		B48AC69723D93C150033DF6F /* NoteCardFormCollectionSelectionView.swift in Sources */ = {isa = PBXBuildFile; fileRef = B48AC69623D93C150033DF6F /* NoteCardFormCollectionSelectionView.swift */; };
		B48AC69923D9445A0033DF6F /* NoteCardFormTagSelectionView.swift in Sources */ = {isa = PBXBuildFile; fileRef = B48AC69823D9445A0033DF6F /* NoteCardFormTagSelectionView.swift */; };
		B48AC69D23D971390033DF6F /* NoteCardFormRelationshipSelectionView.swift in Sources */ = {isa = PBXBuildFile; fileRef = B48AC69C23D971390033DF6F /* NoteCardFormRelationshipSelectionView.swift */; };
		B4928E8C239054FF0060AD45 /* Down in Frameworks */ = {isa = PBXBuildFile; productRef = B4928E8B239054FF0060AD45 /* Down */; };
		B496909F2363A6B000417716 /* CoreDataStack+HistoryTracker.swift in Sources */ = {isa = PBXBuildFile; fileRef = B496909E2363A6B000417716 /* CoreDataStack+HistoryTracker.swift */; };
		B499A35C2326D988002D16A0 /* CoreDataStack.swift in Sources */ = {isa = PBXBuildFile; fileRef = B499A35B2326D988002D16A0 /* CoreDataStack.swift */; };
		B499A35E2326D9A7002D16A0 /* AppCache.swift in Sources */ = {isa = PBXBuildFile; fileRef = B499A35D2326D9A7002D16A0 /* AppCache.swift */; };
		B49C4C6A23D628760030D9B2 /* HomeView.swift in Sources */ = {isa = PBXBuildFile; fileRef = B49C4C6923D628760030D9B2 /* HomeView.swift */; };
		B49C4C6F23D64AFB0030D9B2 /* SegmentControlWrapper.swift in Sources */ = {isa = PBXBuildFile; fileRef = B49C4C6E23D64AFB0030D9B2 /* SegmentControlWrapper.swift */; };
		B49C4C7123D65C850030D9B2 /* HomeNoteCardView.swift in Sources */ = {isa = PBXBuildFile; fileRef = B49C4C7023D65C850030D9B2 /* HomeNoteCardView.swift */; };
		B49C4C7323D69E6C0030D9B2 /* NoteCardFormModel.swift in Sources */ = {isa = PBXBuildFile; fileRef = B49C4C7223D69E6C0030D9B2 /* NoteCardFormModel.swift */; };
		B49C4C7823D6B0AC0030D9B2 /* HomeNoteCardCollectionView.swift in Sources */ = {isa = PBXBuildFile; fileRef = B49C4C7723D6B0AC0030D9B2 /* HomeNoteCardCollectionView.swift */; };
		B4A0CE9623D4AB57003A4D83 /* NoteCardCollectionViewModel.swift in Sources */ = {isa = PBXBuildFile; fileRef = B4A0CE9523D4AB57003A4D83 /* NoteCardCollectionViewModel.swift */; };
		B4A0CE9923D4B53D003A4D83 /* CollectionViewCompositionalDataSource.swift in Sources */ = {isa = PBXBuildFile; fileRef = B4A0CE9823D4B53D003A4D83 /* CollectionViewCompositionalDataSource.swift */; };
		B4AFD4522360B1B3004BAA9B /* CloudKit.framework in Frameworks */ = {isa = PBXBuildFile; fileRef = B4AFD4512360B1B3004BAA9B /* CloudKit.framework */; };
		B4BAC52423203F83007EAF15 /* ManagedObjectContext.swift in Sources */ = {isa = PBXBuildFile; fileRef = B4BAC52323203F83007EAF15 /* ManagedObjectContext.swift */; };
		B4BAC53A2320405B007EAF15 /* NoteCard.swift in Sources */ = {isa = PBXBuildFile; fileRef = B4BAC5342320405B007EAF15 /* NoteCard.swift */; };
		B4BAC53C2320405B007EAF15 /* NoteCardCollection.swift in Sources */ = {isa = PBXBuildFile; fileRef = B4BAC5362320405B007EAF15 /* NoteCardCollection.swift */; };
		B4BAC53E2320405B007EAF15 /* Tag.swift in Sources */ = {isa = PBXBuildFile; fileRef = B4BAC5382320405B007EAF15 /* Tag.swift */; };
		B4BAC541232041FE007EAF15 /* ObjectValidatable.swift in Sources */ = {isa = PBXBuildFile; fileRef = B4BAC540232041FE007EAF15 /* ObjectValidatable.swift */; };
		B4BAC54523206B28007EAF15 /* String.swift in Sources */ = {isa = PBXBuildFile; fileRef = B4BAC54423206B28007EAF15 /* String.swift */; };
		B4BB117123145DC400A380AA /* AppDelegate.swift in Sources */ = {isa = PBXBuildFile; fileRef = B4BB117023145DC400A380AA /* AppDelegate.swift */; };
		B4BB117323145DC400A380AA /* SceneDelegate.swift in Sources */ = {isa = PBXBuildFile; fileRef = B4BB117223145DC400A380AA /* SceneDelegate.swift */; };
		B4BB117623145DC400A380AA /* FNote.xcdatamodeld in Sources */ = {isa = PBXBuildFile; fileRef = B4BB117423145DC400A380AA /* FNote.xcdatamodeld */; };
		B4BB117A23145DC600A380AA /* Assets.xcassets in Resources */ = {isa = PBXBuildFile; fileRef = B4BB117923145DC600A380AA /* Assets.xcassets */; };
		B4BB117D23145DC600A380AA /* Preview Assets.xcassets in Resources */ = {isa = PBXBuildFile; fileRef = B4BB117C23145DC600A380AA /* Preview Assets.xcassets */; };
		B4BB118023145DC600A380AA /* LaunchScreen.storyboard in Resources */ = {isa = PBXBuildFile; fileRef = B4BB117E23145DC600A380AA /* LaunchScreen.storyboard */; };
		B4BB118B23145DC600A380AA /* FNoteTests.swift in Sources */ = {isa = PBXBuildFile; fileRef = B4BB118A23145DC600A380AA /* FNoteTests.swift */; };
		B4BBDBDB23E4CD8000A0AEA1 /* ManagedObjectCollectionViewCell.swift in Sources */ = {isa = PBXBuildFile; fileRef = B4BBDBDA23E4CD8000A0AEA1 /* ManagedObjectCollectionViewCell.swift */; };
		B4BBDBE723E4D3F400A0AEA1 /* SettingCheckmarkRow.swift in Sources */ = {isa = PBXBuildFile; fileRef = B4BBDBE623E4D3F400A0AEA1 /* SettingCheckmarkRow.swift */; };
		B4BBDBEB23E4D79B00A0AEA1 /* HomeSettingView.swift in Sources */ = {isa = PBXBuildFile; fileRef = B4BBDBEA23E4D79B00A0AEA1 /* HomeSettingView.swift */; };
		B4BBDBED23E4EA5C00A0AEA1 /* SettingTextRow.swift in Sources */ = {isa = PBXBuildFile; fileRef = B4BBDBEC23E4EA5C00A0AEA1 /* SettingTextRow.swift */; };
		B4BBDBEF23E4F1B000A0AEA1 /* SettingSectionModifier.swift in Sources */ = {isa = PBXBuildFile; fileRef = B4BBDBEE23E4F1B000A0AEA1 /* SettingSectionModifier.swift */; };
		B4BBDBF123E4F1C400A0AEA1 /* SettingRowModifier.swift in Sources */ = {isa = PBXBuildFile; fileRef = B4BBDBF023E4F1C400A0AEA1 /* SettingRowModifier.swift */; };
		B4BBDBF323E4F6D000A0AEA1 /* CGFloat.swift in Sources */ = {isa = PBXBuildFile; fileRef = B4BBDBF223E4F6D000A0AEA1 /* CGFloat.swift */; };
		B4BBDBF723E5111000A0AEA1 /* SettingImportFileList.swift in Sources */ = {isa = PBXBuildFile; fileRef = B4BBDBF623E5111000A0AEA1 /* SettingImportFileList.swift */; };
		B4BBDBFB23E525F100A0AEA1 /* ActivityViewControllerWrapper.swift in Sources */ = {isa = PBXBuildFile; fileRef = B4BBDBFA23E525F100A0AEA1 /* ActivityViewControllerWrapper.swift */; };
		B4C76DFB232C0A520033DDEA /* TextFieldWrapper.swift in Sources */ = {isa = PBXBuildFile; fileRef = B4C76DFA232C0A520033DDEA /* TextFieldWrapper.swift */; };
		B4D240D723DBD1EE005B4066 /* NoteCardCollectionCell.swift in Sources */ = {isa = PBXBuildFile; fileRef = B4D240D623DBD1EE005B4066 /* NoteCardCollectionCell.swift */; };
		B4D240D923DBF039005B4066 /* NoteCardCollectionCollectionViewModel.swift in Sources */ = {isa = PBXBuildFile; fileRef = B4D240D823DBF039005B4066 /* NoteCardCollectionCollectionViewModel.swift */; };
		B4DC48C923E7D4CA00104847 /* NoteCardForm.swift in Sources */ = {isa = PBXBuildFile; fileRef = B4DC48C823E7D4CA00104847 /* NoteCardForm.swift */; };
		B4DC48CB23E7E76700104847 /* NoteCardFormSectionModifier.swift in Sources */ = {isa = PBXBuildFile; fileRef = B4DC48CA23E7E76700104847 /* NoteCardFormSectionModifier.swift */; };
		B4DC48CD23E7E78B00104847 /* NoteCardFormRowModifier.swift in Sources */ = {isa = PBXBuildFile; fileRef = B4DC48CC23E7E78A00104847 /* NoteCardFormRowModifier.swift */; };
		B4DD491F238A5ED300D183CF /* WelcomeGuideView.swift in Sources */ = {isa = PBXBuildFile; fileRef = B4DD491E238A5ED300D183CF /* WelcomeGuideView.swift */; };
		B4EC398123DB7AD90011569C /* Alert.swift in Sources */ = {isa = PBXBuildFile; fileRef = B4EC398023DB7AD90011569C /* Alert.swift */; };
		B4EC398423DB88460011569C /* CollectionViewWrapper.swift in Sources */ = {isa = PBXBuildFile; fileRef = B4EC398323DB88460011569C /* CollectionViewWrapper.swift */; };
		B4EE3ECC2329D86500CC40B7 /* ModalTextField.swift in Sources */ = {isa = PBXBuildFile; fileRef = B4EE3ECB2329D86500CC40B7 /* ModalTextField.swift */; };
		B4EEF32C235D99B400869567 /* ModalDragHandle.swift in Sources */ = {isa = PBXBuildFile; fileRef = B4EEF32B235D99B400869567 /* ModalDragHandle.swift */; };
		B4FFEB27234ED0CE00B4550F /* Color.swift in Sources */ = {isa = PBXBuildFile; fileRef = B4FFEB26234ED0CE00B4550F /* Color.swift */; };
		B4FFEB29234ED2AA00B4550F /* Image.swift in Sources */ = {isa = PBXBuildFile; fileRef = B4FFEB28234ED2AA00B4550F /* Image.swift */; };
/* End PBXBuildFile section */

/* Begin PBXContainerItemProxy section */
		B4BB118723145DC600A380AA /* PBXContainerItemProxy */ = {
			isa = PBXContainerItemProxy;
			containerPortal = B4BB116523145DC400A380AA /* Project object */;
			proxyType = 1;
			remoteGlobalIDString = B4BB116C23145DC400A380AA;
			remoteInfo = FNote;
		};
/* End PBXContainerItemProxy section */

/* Begin PBXFileReference section */
		650D14E82332B96100B6E2BF /* View.swift */ = {isa = PBXFileReference; lastKnownFileType = sourcecode.swift; path = View.swift; sourceTree = "<group>"; };
		B40056ED23D6B9C300997216 /* ModalTextFieldModel.swift */ = {isa = PBXFileReference; lastKnownFileType = sourcecode.swift; path = ModalTextFieldModel.swift; sourceTree = "<group>"; };
		B40056EF23D6C26500997216 /* HomeTagView.swift */ = {isa = PBXFileReference; lastKnownFileType = sourcecode.swift; path = HomeTagView.swift; sourceTree = "<group>"; };
		B40056F223D6C82900997216 /* ModalTextViewModel.swift */ = {isa = PBXFileReference; lastKnownFileType = sourcecode.swift; path = ModalTextViewModel.swift; sourceTree = "<group>"; };
		B40056F423D6CC8600997216 /* NavigationBarButton.swift */ = {isa = PBXFileReference; lastKnownFileType = sourcecode.swift; path = NavigationBarButton.swift; sourceTree = "<group>"; };
		B40B519B2335C2D6002DA41D /* NotificationName.swift */ = {isa = PBXFileReference; lastKnownFileType = sourcecode.swift; path = NotificationName.swift; sourceTree = "<group>"; };
		B4113FB823D2D539004E70DC /* NoteCardCell.swift */ = {isa = PBXFileReference; lastKnownFileType = sourcecode.swift; path = NoteCardCell.swift; sourceTree = "<group>"; };
		B4113FBB23D2D7D9004E70DC /* FNCollectionViewCell.swift */ = {isa = PBXFileReference; lastKnownFileType = sourcecode.swift; path = FNCollectionViewCell.swift; sourceTree = "<group>"; };
		B4113FBD23D2DA5E004E70DC /* UIView.swift */ = {isa = PBXFileReference; lastKnownFileType = sourcecode.swift; path = UIView.swift; sourceTree = "<group>"; };
		B411E0502332F6B4008D99A0 /* NotificationObserver.swift */ = {isa = PBXFileReference; lastKnownFileType = sourcecode.swift; path = NotificationObserver.swift; sourceTree = "<group>"; };
		B424018723ED2BAA0042B223 /* document-type-icon-320.png */ = {isa = PBXFileReference; lastKnownFileType = image.png; path = "document-type-icon-320.png"; sourceTree = "<group>"; };
		B424018823ED2BAA0042B223 /* document-type-icon-22.png */ = {isa = PBXFileReference; lastKnownFileType = image.png; path = "document-type-icon-22.png"; sourceTree = "<group>"; };
		B424018923ED2BAA0042B223 /* document-type-icon-64.png */ = {isa = PBXFileReference; lastKnownFileType = image.png; path = "document-type-icon-64.png"; sourceTree = "<group>"; };
		B424018A23ED2BAA0042B223 /* document-type-icon-44.png */ = {isa = PBXFileReference; lastKnownFileType = image.png; path = "document-type-icon-44.png"; sourceTree = "<group>"; };
		B44625F923E3D31A00B43526 /* UserStoredValue.swift */ = {isa = PBXFileReference; lastKnownFileType = sourcecode.swift; path = UserStoredValue.swift; sourceTree = "<group>"; };
		B44625FB23E3DE2D00B43526 /* UserPreference.swift */ = {isa = PBXFileReference; lastKnownFileType = sourcecode.swift; path = UserPreference.swift; sourceTree = "<group>"; };
		B448744523DEB578005EBA45 /* TagCell.swift */ = {isa = PBXFileReference; lastKnownFileType = sourcecode.swift; path = TagCell.swift; sourceTree = "<group>"; };
		B448744723DEB73A005EBA45 /* TagCollectionViewModel.swift */ = {isa = PBXFileReference; lastKnownFileType = sourcecode.swift; path = TagCollectionViewModel.swift; sourceTree = "<group>"; };
		B448744923DEC1B9005EBA45 /* LabelCollectionHeader.swift */ = {isa = PBXFileReference; lastKnownFileType = sourcecode.swift; path = LabelCollectionHeader.swift; sourceTree = "<group>"; };
		B44E786B23DCAA7700428D4A /* SearchFieldCollectionHeader.swift */ = {isa = PBXFileReference; lastKnownFileType = sourcecode.swift; path = SearchFieldCollectionHeader.swift; sourceTree = "<group>"; };
		B44E786F23DE774600428D4A /* UICollectionView.swift */ = {isa = PBXFileReference; lastKnownFileType = sourcecode.swift; path = UICollectionView.swift; sourceTree = "<group>"; };
		B452519823E0138C007A85CF /* ExportImportDataManager.swift */ = {isa = PBXFileReference; lastKnownFileType = sourcecode.swift; path = ExportImportDataManager.swift; sourceTree = "<group>"; };
		B45382D123EB7F7D0085400F /* NoteCardSortOptionPopoverView.swift */ = {isa = PBXFileReference; lastKnownFileType = sourcecode.swift; path = NoteCardSortOptionPopoverView.swift; sourceTree = "<group>"; };
		B45A4A022368A2810079D8DE /* NoteCardSearchScope.swift */ = {isa = PBXFileReference; lastKnownFileType = sourcecode.swift; path = NoteCardSearchScope.swift; sourceTree = "<group>"; };
		B46B0F582364A0CD0074B71A /* SearchTextField.swift */ = {isa = PBXFileReference; fileEncoding = 4; lastKnownFileType = sourcecode.swift; path = SearchTextField.swift; sourceTree = "<group>"; };
		B46B3402232E80A7008B2088 /* ModalTextViewWrapper.swift */ = {isa = PBXFileReference; lastKnownFileType = sourcecode.swift; path = ModalTextViewWrapper.swift; sourceTree = "<group>"; };
		B46B3404232E8214008B2088 /* ModalTextView.swift */ = {isa = PBXFileReference; lastKnownFileType = sourcecode.swift; path = ModalTextView.swift; sourceTree = "<group>"; };
		B46B3406232E8634008B2088 /* InputViewResponder.swift */ = {isa = PBXFileReference; lastKnownFileType = sourcecode.swift; path = InputViewResponder.swift; sourceTree = "<group>"; };
		B47460B823E66D50001D07F4 /* NoteCardSortNavigationButton.swift */ = {isa = PBXFileReference; lastKnownFileType = sourcecode.swift; path = NoteCardSortNavigationButton.swift; sourceTree = "<group>"; };
		B4816A6823D8D73C006485F7 /* AppState.swift */ = {isa = PBXFileReference; lastKnownFileType = sourcecode.swift; path = AppState.swift; sourceTree = "<group>"; };
		B4816A6A23D912E9006485F7 /* ObjectCUDRequest.swift */ = {isa = PBXFileReference; lastKnownFileType = sourcecode.swift; path = ObjectCUDRequest.swift; sourceTree = "<group>"; };
		B4816A6C23D91327006485F7 /* NoteCardCUDRequest.swift */ = {isa = PBXFileReference; lastKnownFileType = sourcecode.swift; path = NoteCardCUDRequest.swift; sourceTree = "<group>"; };
		B4816A6E23D91341006485F7 /* NoteCardCollectionCUDRequest.swift */ = {isa = PBXFileReference; lastKnownFileType = sourcecode.swift; path = NoteCardCollectionCUDRequest.swift; sourceTree = "<group>"; };
		B4816A7023D91354006485F7 /* TagCUDRequest.swift */ = {isa = PBXFileReference; lastKnownFileType = sourcecode.swift; path = TagCUDRequest.swift; sourceTree = "<group>"; };
		B48AC69623D93C150033DF6F /* NoteCardFormCollectionSelectionView.swift */ = {isa = PBXFileReference; lastKnownFileType = sourcecode.swift; path = NoteCardFormCollectionSelectionView.swift; sourceTree = "<group>"; };
		B48AC69823D9445A0033DF6F /* NoteCardFormTagSelectionView.swift */ = {isa = PBXFileReference; lastKnownFileType = sourcecode.swift; path = NoteCardFormTagSelectionView.swift; sourceTree = "<group>"; };
		B48AC69C23D971390033DF6F /* NoteCardFormRelationshipSelectionView.swift */ = {isa = PBXFileReference; lastKnownFileType = sourcecode.swift; path = NoteCardFormRelationshipSelectionView.swift; sourceTree = "<group>"; };
		B496909E2363A6B000417716 /* CoreDataStack+HistoryTracker.swift */ = {isa = PBXFileReference; lastKnownFileType = sourcecode.swift; path = "CoreDataStack+HistoryTracker.swift"; sourceTree = "<group>"; };
		B499A35B2326D988002D16A0 /* CoreDataStack.swift */ = {isa = PBXFileReference; lastKnownFileType = sourcecode.swift; path = CoreDataStack.swift; sourceTree = "<group>"; };
		B499A35D2326D9A7002D16A0 /* AppCache.swift */ = {isa = PBXFileReference; lastKnownFileType = sourcecode.swift; path = AppCache.swift; sourceTree = "<group>"; };
		B49C4C6923D628760030D9B2 /* HomeView.swift */ = {isa = PBXFileReference; lastKnownFileType = sourcecode.swift; path = HomeView.swift; sourceTree = "<group>"; };
		B49C4C6E23D64AFB0030D9B2 /* SegmentControlWrapper.swift */ = {isa = PBXFileReference; lastKnownFileType = sourcecode.swift; path = SegmentControlWrapper.swift; sourceTree = "<group>"; };
		B49C4C7023D65C850030D9B2 /* HomeNoteCardView.swift */ = {isa = PBXFileReference; lastKnownFileType = sourcecode.swift; path = HomeNoteCardView.swift; sourceTree = "<group>"; };
		B49C4C7223D69E6C0030D9B2 /* NoteCardFormModel.swift */ = {isa = PBXFileReference; lastKnownFileType = sourcecode.swift; path = NoteCardFormModel.swift; sourceTree = "<group>"; };
		B49C4C7723D6B0AC0030D9B2 /* HomeNoteCardCollectionView.swift */ = {isa = PBXFileReference; lastKnownFileType = sourcecode.swift; path = HomeNoteCardCollectionView.swift; sourceTree = "<group>"; };
		B4A0CE9523D4AB57003A4D83 /* NoteCardCollectionViewModel.swift */ = {isa = PBXFileReference; lastKnownFileType = sourcecode.swift; path = NoteCardCollectionViewModel.swift; sourceTree = "<group>"; };
		B4A0CE9823D4B53D003A4D83 /* CollectionViewCompositionalDataSource.swift */ = {isa = PBXFileReference; lastKnownFileType = sourcecode.swift; path = CollectionViewCompositionalDataSource.swift; sourceTree = "<group>"; };
		B4AFD44F2360B1A8004BAA9B /* FNote.entitlements */ = {isa = PBXFileReference; lastKnownFileType = text.plist.entitlements; path = FNote.entitlements; sourceTree = "<group>"; };
		B4AFD4512360B1B3004BAA9B /* CloudKit.framework */ = {isa = PBXFileReference; lastKnownFileType = wrapper.framework; name = CloudKit.framework; path = System/Library/Frameworks/CloudKit.framework; sourceTree = SDKROOT; };
		B4BAC52323203F83007EAF15 /* ManagedObjectContext.swift */ = {isa = PBXFileReference; lastKnownFileType = sourcecode.swift; path = ManagedObjectContext.swift; sourceTree = "<group>"; };
		B4BAC5342320405B007EAF15 /* NoteCard.swift */ = {isa = PBXFileReference; lastKnownFileType = sourcecode.swift; path = NoteCard.swift; sourceTree = "<group>"; };
		B4BAC5362320405B007EAF15 /* NoteCardCollection.swift */ = {isa = PBXFileReference; lastKnownFileType = sourcecode.swift; path = NoteCardCollection.swift; sourceTree = "<group>"; };
		B4BAC5382320405B007EAF15 /* Tag.swift */ = {isa = PBXFileReference; lastKnownFileType = sourcecode.swift; path = Tag.swift; sourceTree = "<group>"; };
		B4BAC540232041FE007EAF15 /* ObjectValidatable.swift */ = {isa = PBXFileReference; lastKnownFileType = sourcecode.swift; path = ObjectValidatable.swift; sourceTree = "<group>"; };
		B4BAC54423206B28007EAF15 /* String.swift */ = {isa = PBXFileReference; lastKnownFileType = sourcecode.swift; path = String.swift; sourceTree = "<group>"; };
		B4BB116D23145DC400A380AA /* FNote.app */ = {isa = PBXFileReference; explicitFileType = wrapper.application; includeInIndex = 0; path = FNote.app; sourceTree = BUILT_PRODUCTS_DIR; };
		B4BB117023145DC400A380AA /* AppDelegate.swift */ = {isa = PBXFileReference; lastKnownFileType = sourcecode.swift; path = AppDelegate.swift; sourceTree = "<group>"; };
		B4BB117223145DC400A380AA /* SceneDelegate.swift */ = {isa = PBXFileReference; lastKnownFileType = sourcecode.swift; path = SceneDelegate.swift; sourceTree = "<group>"; };
		B4BB117523145DC400A380AA /* FNote.xcdatamodel */ = {isa = PBXFileReference; lastKnownFileType = wrapper.xcdatamodel; path = FNote.xcdatamodel; sourceTree = "<group>"; };
		B4BB117923145DC600A380AA /* Assets.xcassets */ = {isa = PBXFileReference; lastKnownFileType = folder.assetcatalog; path = Assets.xcassets; sourceTree = "<group>"; };
		B4BB117C23145DC600A380AA /* Preview Assets.xcassets */ = {isa = PBXFileReference; lastKnownFileType = folder.assetcatalog; path = "Preview Assets.xcassets"; sourceTree = "<group>"; };
		B4BB117F23145DC600A380AA /* Base */ = {isa = PBXFileReference; lastKnownFileType = file.storyboard; name = Base; path = Base.lproj/LaunchScreen.storyboard; sourceTree = "<group>"; };
		B4BB118123145DC600A380AA /* Info.plist */ = {isa = PBXFileReference; lastKnownFileType = text.plist.xml; path = Info.plist; sourceTree = "<group>"; };
		B4BB118623145DC600A380AA /* FNoteTests.xctest */ = {isa = PBXFileReference; explicitFileType = wrapper.cfbundle; includeInIndex = 0; path = FNoteTests.xctest; sourceTree = BUILT_PRODUCTS_DIR; };
		B4BB118A23145DC600A380AA /* FNoteTests.swift */ = {isa = PBXFileReference; lastKnownFileType = sourcecode.swift; path = FNoteTests.swift; sourceTree = "<group>"; };
		B4BB118C23145DC600A380AA /* Info.plist */ = {isa = PBXFileReference; lastKnownFileType = text.plist.xml; path = Info.plist; sourceTree = "<group>"; };
		B4BBDBDA23E4CD8000A0AEA1 /* ManagedObjectCollectionViewCell.swift */ = {isa = PBXFileReference; lastKnownFileType = sourcecode.swift; path = ManagedObjectCollectionViewCell.swift; sourceTree = "<group>"; };
		B4BBDBE623E4D3F400A0AEA1 /* SettingCheckmarkRow.swift */ = {isa = PBXFileReference; lastKnownFileType = sourcecode.swift; path = SettingCheckmarkRow.swift; sourceTree = "<group>"; };
		B4BBDBEA23E4D79B00A0AEA1 /* HomeSettingView.swift */ = {isa = PBXFileReference; lastKnownFileType = sourcecode.swift; path = HomeSettingView.swift; sourceTree = "<group>"; };
		B4BBDBEC23E4EA5C00A0AEA1 /* SettingTextRow.swift */ = {isa = PBXFileReference; lastKnownFileType = sourcecode.swift; path = SettingTextRow.swift; sourceTree = "<group>"; };
		B4BBDBEE23E4F1B000A0AEA1 /* SettingSectionModifier.swift */ = {isa = PBXFileReference; lastKnownFileType = sourcecode.swift; path = SettingSectionModifier.swift; sourceTree = "<group>"; };
		B4BBDBF023E4F1C400A0AEA1 /* SettingRowModifier.swift */ = {isa = PBXFileReference; lastKnownFileType = sourcecode.swift; path = SettingRowModifier.swift; sourceTree = "<group>"; };
		B4BBDBF223E4F6D000A0AEA1 /* CGFloat.swift */ = {isa = PBXFileReference; lastKnownFileType = sourcecode.swift; path = CGFloat.swift; sourceTree = "<group>"; };
		B4BBDBF623E5111000A0AEA1 /* SettingImportFileList.swift */ = {isa = PBXFileReference; lastKnownFileType = sourcecode.swift; path = SettingImportFileList.swift; sourceTree = "<group>"; };
		B4BBDBFA23E525F100A0AEA1 /* ActivityViewControllerWrapper.swift */ = {isa = PBXFileReference; lastKnownFileType = sourcecode.swift; path = ActivityViewControllerWrapper.swift; sourceTree = "<group>"; };
		B4C76DFA232C0A520033DDEA /* TextFieldWrapper.swift */ = {isa = PBXFileReference; lastKnownFileType = sourcecode.swift; path = TextFieldWrapper.swift; sourceTree = "<group>"; };
		B4D240D623DBD1EE005B4066 /* NoteCardCollectionCell.swift */ = {isa = PBXFileReference; lastKnownFileType = sourcecode.swift; path = NoteCardCollectionCell.swift; sourceTree = "<group>"; };
		B4D240D823DBF039005B4066 /* NoteCardCollectionCollectionViewModel.swift */ = {isa = PBXFileReference; lastKnownFileType = sourcecode.swift; path = NoteCardCollectionCollectionViewModel.swift; sourceTree = "<group>"; };
		B4DC48C823E7D4CA00104847 /* NoteCardForm.swift */ = {isa = PBXFileReference; lastKnownFileType = sourcecode.swift; path = NoteCardForm.swift; sourceTree = "<group>"; };
		B4DC48CA23E7E76700104847 /* NoteCardFormSectionModifier.swift */ = {isa = PBXFileReference; lastKnownFileType = sourcecode.swift; path = NoteCardFormSectionModifier.swift; sourceTree = "<group>"; };
		B4DC48CC23E7E78A00104847 /* NoteCardFormRowModifier.swift */ = {isa = PBXFileReference; lastKnownFileType = sourcecode.swift; path = NoteCardFormRowModifier.swift; sourceTree = "<group>"; };
		B4DD491E238A5ED300D183CF /* WelcomeGuideView.swift */ = {isa = PBXFileReference; lastKnownFileType = sourcecode.swift; path = WelcomeGuideView.swift; sourceTree = "<group>"; };
		B4EC398023DB7AD90011569C /* Alert.swift */ = {isa = PBXFileReference; lastKnownFileType = sourcecode.swift; path = Alert.swift; sourceTree = "<group>"; };
		B4EC398323DB88460011569C /* CollectionViewWrapper.swift */ = {isa = PBXFileReference; lastKnownFileType = sourcecode.swift; path = CollectionViewWrapper.swift; sourceTree = "<group>"; };
		B4EE3ECB2329D86500CC40B7 /* ModalTextField.swift */ = {isa = PBXFileReference; lastKnownFileType = sourcecode.swift; path = ModalTextField.swift; sourceTree = "<group>"; };
		B4EEF32B235D99B400869567 /* ModalDragHandle.swift */ = {isa = PBXFileReference; lastKnownFileType = sourcecode.swift; path = ModalDragHandle.swift; sourceTree = "<group>"; };
		B4FFEB26234ED0CE00B4550F /* Color.swift */ = {isa = PBXFileReference; lastKnownFileType = sourcecode.swift; path = Color.swift; sourceTree = "<group>"; };
		B4FFEB28234ED2AA00B4550F /* Image.swift */ = {isa = PBXFileReference; lastKnownFileType = sourcecode.swift; path = Image.swift; sourceTree = "<group>"; };
/* End PBXFileReference section */

/* Begin PBXFrameworksBuildPhase section */
		B4BB116A23145DC400A380AA /* Frameworks */ = {
			isa = PBXFrameworksBuildPhase;
			buildActionMask = 2147483647;
			files = (
				B4928E8C239054FF0060AD45 /* Down in Frameworks */,
				B4AFD4522360B1B3004BAA9B /* CloudKit.framework in Frameworks */,
			);
			runOnlyForDeploymentPostprocessing = 0;
		};
		B4BB118323145DC600A380AA /* Frameworks */ = {
			isa = PBXFrameworksBuildPhase;
			buildActionMask = 2147483647;
			files = (
			);
			runOnlyForDeploymentPostprocessing = 0;
		};
/* End PBXFrameworksBuildPhase section */

/* Begin PBXGroup section */
		B40056F123D6C65B00997216 /* Reusable View */ = {
			isa = PBXGroup;
			children = (
				B4DD491E238A5ED300D183CF /* WelcomeGuideView.swift */,
				B40056F423D6CC8600997216 /* NavigationBarButton.swift */,
				B47460B823E66D50001D07F4 /* NoteCardSortNavigationButton.swift */,
				B45382D123EB7F7D0085400F /* NoteCardSortOptionPopoverView.swift */,
			);
			path = "Reusable View";
			sourceTree = "<group>";
		};
		B402F62A234087F900EC0A77 /* Search View + Model */ = {
			isa = PBXGroup;
			children = (
				B46B0F582364A0CD0074B71A /* SearchTextField.swift */,
				B45A4A022368A2810079D8DE /* NoteCardSearchScope.swift */,
			);
			path = "Search View + Model";
			sourceTree = "<group>";
		};
		B40BB6172335B11900E2F98B /* Utility */ = {
			isa = PBXGroup;
			children = (
				B411E0502332F6B4008D99A0 /* NotificationObserver.swift */,
				B452519823E0138C007A85CF /* ExportImportDataManager.swift */,
			);
			path = Utility;
			sourceTree = "<group>";
		};
		B4113FB723D2D507004E70DC /* Collection View Model + Cell */ = {
			isa = PBXGroup;
			children = (
				B4A0CE9523D4AB57003A4D83 /* NoteCardCollectionViewModel.swift */,
				B4113FB823D2D539004E70DC /* NoteCardCell.swift */,
				B4D240D823DBF039005B4066 /* NoteCardCollectionCollectionViewModel.swift */,
				B4D240D623DBD1EE005B4066 /* NoteCardCollectionCell.swift */,
				B44E786B23DCAA7700428D4A /* SearchFieldCollectionHeader.swift */,
				B448744723DEB73A005EBA45 /* TagCollectionViewModel.swift */,
				B448744523DEB578005EBA45 /* TagCell.swift */,
				B448744923DEC1B9005EBA45 /* LabelCollectionHeader.swift */,
			);
			path = "Collection View Model + Cell";
			sourceTree = "<group>";
		};
		B4113FBA23D2D7BE004E70DC /* FN View & Controller */ = {
			isa = PBXGroup;
			children = (
				B4113FBB23D2D7D9004E70DC /* FNCollectionViewCell.swift */,
				B4BBDBDA23E4CD8000A0AEA1 /* ManagedObjectCollectionViewCell.swift */,
			);
			path = "FN View & Controller";
			sourceTree = "<group>";
		};
		B424018623ED2B750042B223 /* Resource */ = {
			isa = PBXGroup;
			children = (
				B424018823ED2BAA0042B223 /* document-type-icon-22.png */,
				B424018A23ED2BAA0042B223 /* document-type-icon-44.png */,
				B424018923ED2BAA0042B223 /* document-type-icon-64.png */,
				B424018723ED2BAA0042B223 /* document-type-icon-320.png */,
			);
			path = Resource;
			sourceTree = "<group>";
		};
		B44625F823E3D28E00B43526 /* Property Wrapper */ = {
			isa = PBXGroup;
			children = (
				B44625F923E3D31A00B43526 /* UserStoredValue.swift */,
			);
			path = "Property Wrapper";
			sourceTree = "<group>";
		};
		B4816A6723D8D71D006485F7 /* App State */ = {
			isa = PBXGroup;
			children = (
				B4816A6823D8D73C006485F7 /* AppState.swift */,
				B4816A6A23D912E9006485F7 /* ObjectCUDRequest.swift */,
				B4816A6C23D91327006485F7 /* NoteCardCUDRequest.swift */,
				B4816A6E23D91341006485F7 /* NoteCardCollectionCUDRequest.swift */,
				B4816A7023D91354006485F7 /* TagCUDRequest.swift */,
			);
			path = "App State";
			sourceTree = "<group>";
		};
		B499A3572326D932002D16A0 /* CoreDataStack */ = {
			isa = PBXGroup;
			children = (
				B499A35B2326D988002D16A0 /* CoreDataStack.swift */,
				B496909E2363A6B000417716 /* CoreDataStack+HistoryTracker.swift */,
				B499A35D2326D9A7002D16A0 /* AppCache.swift */,
				B44625FB23E3DE2D00B43526 /* UserPreference.swift */,
			);
			path = CoreDataStack;
			sourceTree = "<group>";
		};
		B49C4C6823D628520030D9B2 /* Home View */ = {
			isa = PBXGroup;
			children = (
				B49C4C6923D628760030D9B2 /* HomeView.swift */,
				B49C4C7023D65C850030D9B2 /* HomeNoteCardView.swift */,
				B49C4C7723D6B0AC0030D9B2 /* HomeNoteCardCollectionView.swift */,
				B40056EF23D6C26500997216 /* HomeTagView.swift */,
				B4BBDBEA23E4D79B00A0AEA1 /* HomeSettingView.swift */,
			);
			path = "Home View";
			sourceTree = "<group>";
		};
		B49C4C6B23D638EC0030D9B2 /* NoteCard Form */ = {
			isa = PBXGroup;
			children = (
				B4DC48C823E7D4CA00104847 /* NoteCardForm.swift */,
				B49C4C7223D69E6C0030D9B2 /* NoteCardFormModel.swift */,
				B48AC69623D93C150033DF6F /* NoteCardFormCollectionSelectionView.swift */,
				B48AC69C23D971390033DF6F /* NoteCardFormRelationshipSelectionView.swift */,
				B48AC69823D9445A0033DF6F /* NoteCardFormTagSelectionView.swift */,
				B49C4C6E23D64AFB0030D9B2 /* SegmentControlWrapper.swift */,
				B4DC48CA23E7E76700104847 /* NoteCardFormSectionModifier.swift */,
				B4DC48CC23E7E78A00104847 /* NoteCardFormRowModifier.swift */,
			);
			path = "NoteCard Form";
			sourceTree = "<group>";
		};
		B4AFD4502360B1B3004BAA9B /* Frameworks */ = {
			isa = PBXGroup;
			children = (
				B4AFD4512360B1B3004BAA9B /* CloudKit.framework */,
			);
			name = Frameworks;
			sourceTree = "<group>";
		};
		B4BAC52223203F60007EAF15 /* Extension */ = {
			isa = PBXGroup;
			children = (
				B4BAC52323203F83007EAF15 /* ManagedObjectContext.swift */,
				B4BAC54423206B28007EAF15 /* String.swift */,
				650D14E82332B96100B6E2BF /* View.swift */,
				B4EC398023DB7AD90011569C /* Alert.swift */,
				B4FFEB26234ED0CE00B4550F /* Color.swift */,
				B4FFEB28234ED2AA00B4550F /* Image.swift */,
				B4113FBD23D2DA5E004E70DC /* UIView.swift */,
				B44E786F23DE774600428D4A /* UICollectionView.swift */,
				B40B519B2335C2D6002DA41D /* NotificationName.swift */,
				B4BBDBF223E4F6D000A0AEA1 /* CGFloat.swift */,
			);
			path = Extension;
			sourceTree = "<group>";
		};
		B4BAC5272320400A007EAF15 /* Data Model */ = {
			isa = PBXGroup;
			children = (
				B4BAC5342320405B007EAF15 /* NoteCard.swift */,
				B4BAC5362320405B007EAF15 /* NoteCardCollection.swift */,
				B4BAC5382320405B007EAF15 /* Tag.swift */,
				B4BAC540232041FE007EAF15 /* ObjectValidatable.swift */,
			);
			path = "Data Model";
			sourceTree = "<group>";
		};
		B4BB116423145DC400A380AA = {
			isa = PBXGroup;
			children = (
				B4BB116F23145DC400A380AA /* FNote */,
				B4BB118923145DC600A380AA /* FNoteTests */,
				B4BB116E23145DC400A380AA /* Products */,
				B4AFD4502360B1B3004BAA9B /* Frameworks */,
			);
			sourceTree = "<group>";
		};
		B4BB116E23145DC400A380AA /* Products */ = {
			isa = PBXGroup;
			children = (
				B4BB116D23145DC400A380AA /* FNote.app */,
				B4BB118623145DC600A380AA /* FNoteTests.xctest */,
			);
			name = Products;
			sourceTree = "<group>";
		};
		B4BB116F23145DC400A380AA /* FNote */ = {
			isa = PBXGroup;
			children = (
				B4816A6723D8D71D006485F7 /* App State */,
				B49C4C6823D628520030D9B2 /* Home View */,
				B49C4C6B23D638EC0030D9B2 /* NoteCard Form */,
				B4EC398223DB88350011569C /* Collection View Wrapper */,
				B4113FB723D2D507004E70DC /* Collection View Model + Cell */,
				B4BBDBDF23E4CFD400A0AEA1 /* Setting View Model + Cell */,
				B4113FBA23D2D7BE004E70DC /* FN View & Controller */,
				B40056F123D6C65B00997216 /* Reusable View */,
				B4BAC5272320400A007EAF15 /* Data Model */,
				B4C76DF9232C0A180033DDEA /* Text Field Wrapper */,
				B402F62A234087F900EC0A77 /* Search View + Model */,
				B40BB6172335B11900E2F98B /* Utility */,
				B4BAC52223203F60007EAF15 /* Extension */,
				B499A3572326D932002D16A0 /* CoreDataStack */,
				B44625F823E3D28E00B43526 /* Property Wrapper */,
				B424018623ED2B750042B223 /* Resource */,
				B4BB117023145DC400A380AA /* AppDelegate.swift */,
				B4BB117223145DC400A380AA /* SceneDelegate.swift */,
				B4BB117923145DC600A380AA /* Assets.xcassets */,
				B4BB117E23145DC600A380AA /* LaunchScreen.storyboard */,
				B4BB118123145DC600A380AA /* Info.plist */,
				B4AFD44F2360B1A8004BAA9B /* FNote.entitlements */,
				B4BB117423145DC400A380AA /* FNote.xcdatamodeld */,
				B4BB117B23145DC600A380AA /* Preview Content */,
			);
			path = FNote;
			sourceTree = "<group>";
		};
		B4BB117B23145DC600A380AA /* Preview Content */ = {
			isa = PBXGroup;
			children = (
				B4BB117C23145DC600A380AA /* Preview Assets.xcassets */,
			);
			path = "Preview Content";
			sourceTree = "<group>";
		};
		B4BB118923145DC600A380AA /* FNoteTests */ = {
			isa = PBXGroup;
			children = (
				B4BB118A23145DC600A380AA /* FNoteTests.swift */,
				B4BB118C23145DC600A380AA /* Info.plist */,
			);
			path = FNoteTests;
			sourceTree = "<group>";
		};
		B4BBDBDF23E4CFD400A0AEA1 /* Setting View Model + Cell */ = {
			isa = PBXGroup;
			children = (
				B4BBDBF623E5111000A0AEA1 /* SettingImportFileList.swift */,
				B4BBDBE623E4D3F400A0AEA1 /* SettingCheckmarkRow.swift */,
				B4BBDBEC23E4EA5C00A0AEA1 /* SettingTextRow.swift */,
				B4BBDBEE23E4F1B000A0AEA1 /* SettingSectionModifier.swift */,
				B4BBDBF023E4F1C400A0AEA1 /* SettingRowModifier.swift */,
				B4BBDBFA23E525F100A0AEA1 /* ActivityViewControllerWrapper.swift */,
			);
			path = "Setting View Model + Cell";
			sourceTree = "<group>";
		};
		B4C76DF9232C0A180033DDEA /* Text Field Wrapper */ = {
			isa = PBXGroup;
			children = (
				B4EE3ECB2329D86500CC40B7 /* ModalTextField.swift */,
				B40056ED23D6B9C300997216 /* ModalTextFieldModel.swift */,
				B4C76DFA232C0A520033DDEA /* TextFieldWrapper.swift */,
				B46B3404232E8214008B2088 /* ModalTextView.swift */,
				B40056F223D6C82900997216 /* ModalTextViewModel.swift */,
				B46B3402232E80A7008B2088 /* ModalTextViewWrapper.swift */,
				B4EEF32B235D99B400869567 /* ModalDragHandle.swift */,
				B46B3406232E8634008B2088 /* InputViewResponder.swift */,
			);
			path = "Text Field Wrapper";
			sourceTree = "<group>";
		};
		B4EC398223DB88350011569C /* Collection View Wrapper */ = {
			isa = PBXGroup;
			children = (
				B4EC398323DB88460011569C /* CollectionViewWrapper.swift */,
				B4A0CE9823D4B53D003A4D83 /* CollectionViewCompositionalDataSource.swift */,
			);
			path = "Collection View Wrapper";
			sourceTree = "<group>";
		};
/* End PBXGroup section */

/* Begin PBXNativeTarget section */
		B4BB116C23145DC400A380AA /* FNote */ = {
			isa = PBXNativeTarget;
			buildConfigurationList = B4BB118F23145DC600A380AA /* Build configuration list for PBXNativeTarget "FNote" */;
			buildPhases = (
				B4BB116923145DC400A380AA /* Sources */,
				B4BB116A23145DC400A380AA /* Frameworks */,
				B4BB116B23145DC400A380AA /* Resources */,
			);
			buildRules = (
			);
			dependencies = (
			);
			name = FNote;
			packageProductDependencies = (
				B4928E8B239054FF0060AD45 /* Down */,
			);
			productName = FNote;
			productReference = B4BB116D23145DC400A380AA /* FNote.app */;
			productType = "com.apple.product-type.application";
		};
		B4BB118523145DC600A380AA /* FNoteTests */ = {
			isa = PBXNativeTarget;
			buildConfigurationList = B4BB119223145DC600A380AA /* Build configuration list for PBXNativeTarget "FNoteTests" */;
			buildPhases = (
				B4BB118223145DC600A380AA /* Sources */,
				B4BB118323145DC600A380AA /* Frameworks */,
				B4BB118423145DC600A380AA /* Resources */,
			);
			buildRules = (
			);
			dependencies = (
				B4BB118823145DC600A380AA /* PBXTargetDependency */,
			);
			name = FNoteTests;
			productName = FNoteTests;
			productReference = B4BB118623145DC600A380AA /* FNoteTests.xctest */;
			productType = "com.apple.product-type.bundle.unit-test";
		};
/* End PBXNativeTarget section */

/* Begin PBXProject section */
		B4BB116523145DC400A380AA /* Project object */ = {
			isa = PBXProject;
			attributes = {
				LastSwiftUpdateCheck = 1100;
				LastUpgradeCheck = 1100;
				ORGANIZATIONNAME = "Dara Beng";
				TargetAttributes = {
					B4BB116C23145DC400A380AA = {
						CreatedOnToolsVersion = 11.0;
					};
					B4BB118523145DC600A380AA = {
						CreatedOnToolsVersion = 11.0;
						TestTargetID = B4BB116C23145DC400A380AA;
					};
				};
			};
			buildConfigurationList = B4BB116823145DC400A380AA /* Build configuration list for PBXProject "FNote" */;
			compatibilityVersion = "Xcode 9.3";
			developmentRegion = en;
			hasScannedForEncodings = 0;
			knownRegions = (
				en,
				Base,
			);
			mainGroup = B4BB116423145DC400A380AA;
			packageReferences = (
				B4928E8A239054FF0060AD45 /* XCRemoteSwiftPackageReference "Down" */,
			);
			productRefGroup = B4BB116E23145DC400A380AA /* Products */;
			projectDirPath = "";
			projectRoot = "";
			targets = (
				B4BB116C23145DC400A380AA /* FNote */,
				B4BB118523145DC600A380AA /* FNoteTests */,
			);
		};
/* End PBXProject section */

/* Begin PBXResourcesBuildPhase section */
		B4BB116B23145DC400A380AA /* Resources */ = {
			isa = PBXResourcesBuildPhase;
			buildActionMask = 2147483647;
			files = (
				B4BB118023145DC600A380AA /* LaunchScreen.storyboard in Resources */,
				B424018C23ED2BAA0042B223 /* document-type-icon-22.png in Resources */,
				B4BB117D23145DC600A380AA /* Preview Assets.xcassets in Resources */,
				B424018D23ED2BAA0042B223 /* document-type-icon-64.png in Resources */,
				B4BB117A23145DC600A380AA /* Assets.xcassets in Resources */,
				B424018B23ED2BAA0042B223 /* document-type-icon-320.png in Resources */,
				B424018E23ED2BAA0042B223 /* document-type-icon-44.png in Resources */,
			);
			runOnlyForDeploymentPostprocessing = 0;
		};
		B4BB118423145DC600A380AA /* Resources */ = {
			isa = PBXResourcesBuildPhase;
			buildActionMask = 2147483647;
			files = (
			);
			runOnlyForDeploymentPostprocessing = 0;
		};
/* End PBXResourcesBuildPhase section */

/* Begin PBXSourcesBuildPhase section */
		B4BB116923145DC400A380AA /* Sources */ = {
			isa = PBXSourcesBuildPhase;
			buildActionMask = 2147483647;
			files = (
				B452519923E0138C007A85CF /* ExportImportDataManager.swift in Sources */,
				B4BAC53A2320405B007EAF15 /* NoteCard.swift in Sources */,
				B46B3403232E80A7008B2088 /* ModalTextViewWrapper.swift in Sources */,
				B4BBDBED23E4EA5C00A0AEA1 /* SettingTextRow.swift in Sources */,
				B4DC48CB23E7E76700104847 /* NoteCardFormSectionModifier.swift in Sources */,
				B4816A6B23D912E9006485F7 /* ObjectCUDRequest.swift in Sources */,
				B4BBDBEF23E4F1B000A0AEA1 /* SettingSectionModifier.swift in Sources */,
				B4DC48CD23E7E78B00104847 /* NoteCardFormRowModifier.swift in Sources */,
				B4816A6923D8D73C006485F7 /* AppState.swift in Sources */,
				B4BBDBEB23E4D79B00A0AEA1 /* HomeSettingView.swift in Sources */,
				B4BAC52423203F83007EAF15 /* ManagedObjectContext.swift in Sources */,
				B44625FA23E3D31A00B43526 /* UserStoredValue.swift in Sources */,
				B4FFEB29234ED2AA00B4550F /* Image.swift in Sources */,
				B496909F2363A6B000417716 /* CoreDataStack+HistoryTracker.swift in Sources */,
				B4D240D723DBD1EE005B4066 /* NoteCardCollectionCell.swift in Sources */,
				B49C4C7123D65C850030D9B2 /* HomeNoteCardView.swift in Sources */,
				B4A0CE9923D4B53D003A4D83 /* CollectionViewCompositionalDataSource.swift in Sources */,
				B4816A6D23D91327006485F7 /* NoteCardCUDRequest.swift in Sources */,
				B49C4C6F23D64AFB0030D9B2 /* SegmentControlWrapper.swift in Sources */,
				B4113FBE23D2DA5E004E70DC /* UIView.swift in Sources */,
				B448744A23DEC1B9005EBA45 /* LabelCollectionHeader.swift in Sources */,
				B49C4C7823D6B0AC0030D9B2 /* HomeNoteCardCollectionView.swift in Sources */,
				B4DC48C923E7D4CA00104847 /* NoteCardForm.swift in Sources */,
				B48AC69723D93C150033DF6F /* NoteCardFormCollectionSelectionView.swift in Sources */,
				B40056F323D6C82900997216 /* ModalTextViewModel.swift in Sources */,
				B40056F023D6C26500997216 /* HomeTagView.swift in Sources */,
				B4BB117623145DC400A380AA /* FNote.xcdatamodeld in Sources */,
				B499A35E2326D9A7002D16A0 /* AppCache.swift in Sources */,
				B4BBDBF323E4F6D000A0AEA1 /* CGFloat.swift in Sources */,
				B48AC69D23D971390033DF6F /* NoteCardFormRelationshipSelectionView.swift in Sources */,
				B4113FB923D2D539004E70DC /* NoteCardCell.swift in Sources */,
				B4BBDBF123E4F1C400A0AEA1 /* SettingRowModifier.swift in Sources */,
				B44E787023DE774600428D4A /* UICollectionView.swift in Sources */,
				B49C4C7323D69E6C0030D9B2 /* NoteCardFormModel.swift in Sources */,
				B4D240D923DBF039005B4066 /* NoteCardCollectionCollectionViewModel.swift in Sources */,
				B48AC69923D9445A0033DF6F /* NoteCardFormTagSelectionView.swift in Sources */,
				B40056F523D6CC8600997216 /* NavigationBarButton.swift in Sources */,
				B411E0512332F6B4008D99A0 /* NotificationObserver.swift in Sources */,
				B4EE3ECC2329D86500CC40B7 /* ModalTextField.swift in Sources */,
				B4FFEB27234ED0CE00B4550F /* Color.swift in Sources */,
				B46B0F592364A0CE0074B71A /* SearchTextField.swift in Sources */,
				B4DD491F238A5ED300D183CF /* WelcomeGuideView.swift in Sources */,
				650D14E92332B96100B6E2BF /* View.swift in Sources */,
				B448744623DEB578005EBA45 /* TagCell.swift in Sources */,
				B4A0CE9623D4AB57003A4D83 /* NoteCardCollectionViewModel.swift in Sources */,
				B4BAC541232041FE007EAF15 /* ObjectValidatable.swift in Sources */,
				B40B519C2335C2D6002DA41D /* NotificationName.swift in Sources */,
				B4C76DFB232C0A520033DDEA /* TextFieldWrapper.swift in Sources */,
				B4BBDBE723E4D3F400A0AEA1 /* SettingCheckmarkRow.swift in Sources */,
				B499A35C2326D988002D16A0 /* CoreDataStack.swift in Sources */,
				B4BAC54523206B28007EAF15 /* String.swift in Sources */,
				B4BBDBF723E5111000A0AEA1 /* SettingImportFileList.swift in Sources */,
				B4BB117123145DC400A380AA /* AppDelegate.swift in Sources */,
				B49C4C6A23D628760030D9B2 /* HomeView.swift in Sources */,
				B4BBDBDB23E4CD8000A0AEA1 /* ManagedObjectCollectionViewCell.swift in Sources */,
				B4EC398123DB7AD90011569C /* Alert.swift in Sources */,
				B46B3405232E8214008B2088 /* ModalTextView.swift in Sources */,
				B4EEF32C235D99B400869567 /* ModalDragHandle.swift in Sources */,
				B4BAC53C2320405B007EAF15 /* NoteCardCollection.swift in Sources */,
				B4EC398423DB88460011569C /* CollectionViewWrapper.swift in Sources */,
				B44E786C23DCAA7700428D4A /* SearchFieldCollectionHeader.swift in Sources */,
				B4BBDBFB23E525F100A0AEA1 /* ActivityViewControllerWrapper.swift in Sources */,
				B4113FBC23D2D7D9004E70DC /* FNCollectionViewCell.swift in Sources */,
				B46B3407232E8634008B2088 /* InputViewResponder.swift in Sources */,
				B4816A6F23D91341006485F7 /* NoteCardCollectionCUDRequest.swift in Sources */,
				B40056EE23D6B9C400997216 /* ModalTextFieldModel.swift in Sources */,
				B4BAC53E2320405B007EAF15 /* Tag.swift in Sources */,
				B45382D223EB7F7D0085400F /* NoteCardSortOptionPopoverView.swift in Sources */,
				B45A4A032368A2810079D8DE /* NoteCardSearchScope.swift in Sources */,
				B448744823DEB73A005EBA45 /* TagCollectionViewModel.swift in Sources */,
				B4BB117323145DC400A380AA /* SceneDelegate.swift in Sources */,
				B47460B923E66D50001D07F4 /* NoteCardSortNavigationButton.swift in Sources */,
				B44625FC23E3DE2D00B43526 /* UserPreference.swift in Sources */,
				B4816A7123D91354006485F7 /* TagCUDRequest.swift in Sources */,
			);
			runOnlyForDeploymentPostprocessing = 0;
		};
		B4BB118223145DC600A380AA /* Sources */ = {
			isa = PBXSourcesBuildPhase;
			buildActionMask = 2147483647;
			files = (
				B4BB118B23145DC600A380AA /* FNoteTests.swift in Sources */,
			);
			runOnlyForDeploymentPostprocessing = 0;
		};
/* End PBXSourcesBuildPhase section */

/* Begin PBXTargetDependency section */
		B4BB118823145DC600A380AA /* PBXTargetDependency */ = {
			isa = PBXTargetDependency;
			target = B4BB116C23145DC400A380AA /* FNote */;
			targetProxy = B4BB118723145DC600A380AA /* PBXContainerItemProxy */;
		};
/* End PBXTargetDependency section */

/* Begin PBXVariantGroup section */
		B4BB117E23145DC600A380AA /* LaunchScreen.storyboard */ = {
			isa = PBXVariantGroup;
			children = (
				B4BB117F23145DC600A380AA /* Base */,
			);
			name = LaunchScreen.storyboard;
			sourceTree = "<group>";
		};
/* End PBXVariantGroup section */

/* Begin XCBuildConfiguration section */
		B4BB118D23145DC600A380AA /* Debug */ = {
			isa = XCBuildConfiguration;
			buildSettings = {
				ALWAYS_SEARCH_USER_PATHS = NO;
				CLANG_ANALYZER_NONNULL = YES;
				CLANG_ANALYZER_NUMBER_OBJECT_CONVERSION = YES_AGGRESSIVE;
				CLANG_CXX_LANGUAGE_STANDARD = "gnu++14";
				CLANG_CXX_LIBRARY = "libc++";
				CLANG_ENABLE_MODULES = YES;
				CLANG_ENABLE_OBJC_ARC = YES;
				CLANG_ENABLE_OBJC_WEAK = YES;
				CLANG_WARN_BLOCK_CAPTURE_AUTORELEASING = YES;
				CLANG_WARN_BOOL_CONVERSION = YES;
				CLANG_WARN_COMMA = YES;
				CLANG_WARN_CONSTANT_CONVERSION = YES;
				CLANG_WARN_DEPRECATED_OBJC_IMPLEMENTATIONS = YES;
				CLANG_WARN_DIRECT_OBJC_ISA_USAGE = YES_ERROR;
				CLANG_WARN_DOCUMENTATION_COMMENTS = YES;
				CLANG_WARN_EMPTY_BODY = YES;
				CLANG_WARN_ENUM_CONVERSION = YES;
				CLANG_WARN_INFINITE_RECURSION = YES;
				CLANG_WARN_INT_CONVERSION = YES;
				CLANG_WARN_NON_LITERAL_NULL_CONVERSION = YES;
				CLANG_WARN_OBJC_IMPLICIT_RETAIN_SELF = YES;
				CLANG_WARN_OBJC_LITERAL_CONVERSION = YES;
				CLANG_WARN_OBJC_ROOT_CLASS = YES_ERROR;
				CLANG_WARN_RANGE_LOOP_ANALYSIS = YES;
				CLANG_WARN_STRICT_PROTOTYPES = YES;
				CLANG_WARN_SUSPICIOUS_MOVE = YES;
				CLANG_WARN_UNGUARDED_AVAILABILITY = YES_AGGRESSIVE;
				CLANG_WARN_UNREACHABLE_CODE = YES;
				CLANG_WARN__DUPLICATE_METHOD_MATCH = YES;
				COPY_PHASE_STRIP = NO;
				DEBUG_INFORMATION_FORMAT = dwarf;
				ENABLE_STRICT_OBJC_MSGSEND = YES;
				ENABLE_TESTABILITY = YES;
				GCC_C_LANGUAGE_STANDARD = gnu11;
				GCC_DYNAMIC_NO_PIC = NO;
				GCC_NO_COMMON_BLOCKS = YES;
				GCC_OPTIMIZATION_LEVEL = 0;
				GCC_PREPROCESSOR_DEFINITIONS = (
					"DEBUG=1",
					"$(inherited)",
				);
				GCC_WARN_64_TO_32_BIT_CONVERSION = YES;
				GCC_WARN_ABOUT_RETURN_TYPE = YES_ERROR;
				GCC_WARN_UNDECLARED_SELECTOR = YES;
				GCC_WARN_UNINITIALIZED_AUTOS = YES_AGGRESSIVE;
				GCC_WARN_UNUSED_FUNCTION = YES;
				GCC_WARN_UNUSED_VARIABLE = YES;
				IPHONEOS_DEPLOYMENT_TARGET = 13.0;
				MTL_ENABLE_DEBUG_INFO = INCLUDE_SOURCE;
				MTL_FAST_MATH = YES;
				ONLY_ACTIVE_ARCH = YES;
				SDKROOT = iphoneos;
				SWIFT_ACTIVE_COMPILATION_CONDITIONS = DEBUG;
				SWIFT_OPTIMIZATION_LEVEL = "-Onone";
			};
			name = Debug;
		};
		B4BB118E23145DC600A380AA /* Release */ = {
			isa = XCBuildConfiguration;
			buildSettings = {
				ALWAYS_SEARCH_USER_PATHS = NO;
				CLANG_ANALYZER_NONNULL = YES;
				CLANG_ANALYZER_NUMBER_OBJECT_CONVERSION = YES_AGGRESSIVE;
				CLANG_CXX_LANGUAGE_STANDARD = "gnu++14";
				CLANG_CXX_LIBRARY = "libc++";
				CLANG_ENABLE_MODULES = YES;
				CLANG_ENABLE_OBJC_ARC = YES;
				CLANG_ENABLE_OBJC_WEAK = YES;
				CLANG_WARN_BLOCK_CAPTURE_AUTORELEASING = YES;
				CLANG_WARN_BOOL_CONVERSION = YES;
				CLANG_WARN_COMMA = YES;
				CLANG_WARN_CONSTANT_CONVERSION = YES;
				CLANG_WARN_DEPRECATED_OBJC_IMPLEMENTATIONS = YES;
				CLANG_WARN_DIRECT_OBJC_ISA_USAGE = YES_ERROR;
				CLANG_WARN_DOCUMENTATION_COMMENTS = YES;
				CLANG_WARN_EMPTY_BODY = YES;
				CLANG_WARN_ENUM_CONVERSION = YES;
				CLANG_WARN_INFINITE_RECURSION = YES;
				CLANG_WARN_INT_CONVERSION = YES;
				CLANG_WARN_NON_LITERAL_NULL_CONVERSION = YES;
				CLANG_WARN_OBJC_IMPLICIT_RETAIN_SELF = YES;
				CLANG_WARN_OBJC_LITERAL_CONVERSION = YES;
				CLANG_WARN_OBJC_ROOT_CLASS = YES_ERROR;
				CLANG_WARN_RANGE_LOOP_ANALYSIS = YES;
				CLANG_WARN_STRICT_PROTOTYPES = YES;
				CLANG_WARN_SUSPICIOUS_MOVE = YES;
				CLANG_WARN_UNGUARDED_AVAILABILITY = YES_AGGRESSIVE;
				CLANG_WARN_UNREACHABLE_CODE = YES;
				CLANG_WARN__DUPLICATE_METHOD_MATCH = YES;
				COPY_PHASE_STRIP = NO;
				DEBUG_INFORMATION_FORMAT = "dwarf-with-dsym";
				ENABLE_NS_ASSERTIONS = NO;
				ENABLE_STRICT_OBJC_MSGSEND = YES;
				GCC_C_LANGUAGE_STANDARD = gnu11;
				GCC_NO_COMMON_BLOCKS = YES;
				GCC_WARN_64_TO_32_BIT_CONVERSION = YES;
				GCC_WARN_ABOUT_RETURN_TYPE = YES_ERROR;
				GCC_WARN_UNDECLARED_SELECTOR = YES;
				GCC_WARN_UNINITIALIZED_AUTOS = YES_AGGRESSIVE;
				GCC_WARN_UNUSED_FUNCTION = YES;
				GCC_WARN_UNUSED_VARIABLE = YES;
				IPHONEOS_DEPLOYMENT_TARGET = 13.0;
				MTL_ENABLE_DEBUG_INFO = NO;
				MTL_FAST_MATH = YES;
				SDKROOT = iphoneos;
				SWIFT_COMPILATION_MODE = wholemodule;
				SWIFT_OPTIMIZATION_LEVEL = "-O";
				VALIDATE_PRODUCT = YES;
			};
			name = Release;
		};
		B4BB119023145DC600A380AA /* Debug */ = {
			isa = XCBuildConfiguration;
			buildSettings = {
				ASSETCATALOG_COMPILER_APPICON_NAME = AppIcon;
				CODE_SIGN_ENTITLEMENTS = FNote/FNote.entitlements;
				CODE_SIGN_STYLE = Automatic;
				CURRENT_PROJECT_VERSION = 25;
				DEVELOPMENT_ASSET_PATHS = "\"FNote/Preview Content\"";
				DEVELOPMENT_TEAM = J58QF9TXDQ;
				ENABLE_PREVIEWS = YES;
				INFOPLIST_FILE = FNote/Info.plist;
				LD_RUNPATH_SEARCH_PATHS = (
					"$(inherited)",
					"@executable_path/Frameworks",
				);
				MARKETING_VERSION = 1.0.0;
				PRODUCT_BUNDLE_IDENTIFIER = com.bdaralan.FNote;
				PRODUCT_NAME = "$(TARGET_NAME)";
				SWIFT_VERSION = 5.0;
				TARGETED_DEVICE_FAMILY = "1,2";
			};
			name = Debug;
		};
		B4BB119123145DC600A380AA /* Release */ = {
			isa = XCBuildConfiguration;
			buildSettings = {
				ASSETCATALOG_COMPILER_APPICON_NAME = AppIcon;
				CODE_SIGN_ENTITLEMENTS = FNote/FNote.entitlements;
				CODE_SIGN_STYLE = Automatic;
				CURRENT_PROJECT_VERSION = 25;
				DEVELOPMENT_ASSET_PATHS = "\"FNote/Preview Content\"";
				DEVELOPMENT_TEAM = J58QF9TXDQ;
				ENABLE_PREVIEWS = YES;
				INFOPLIST_FILE = FNote/Info.plist;
				LD_RUNPATH_SEARCH_PATHS = (
					"$(inherited)",
					"@executable_path/Frameworks",
				);
				MARKETING_VERSION = 1.0.0;
				PRODUCT_BUNDLE_IDENTIFIER = com.bdaralan.FNote;
				PRODUCT_NAME = "$(TARGET_NAME)";
				SWIFT_VERSION = 5.0;
				TARGETED_DEVICE_FAMILY = "1,2";
			};
			name = Release;
		};
		B4BB119323145DC600A380AA /* Debug */ = {
			isa = XCBuildConfiguration;
			buildSettings = {
				ALWAYS_EMBED_SWIFT_STANDARD_LIBRARIES = YES;
				BUNDLE_LOADER = "$(TEST_HOST)";
				CODE_SIGN_STYLE = Automatic;
				DEVELOPMENT_TEAM = J58QF9TXDQ;
				INFOPLIST_FILE = FNoteTests/Info.plist;
				IPHONEOS_DEPLOYMENT_TARGET = 13.0;
				LD_RUNPATH_SEARCH_PATHS = (
					"$(inherited)",
					"@executable_path/Frameworks",
					"@loader_path/Frameworks",
				);
				PRODUCT_BUNDLE_IDENTIFIER = com.bdaralan.FNoteTests;
				PRODUCT_NAME = "$(TARGET_NAME)";
				SWIFT_VERSION = 5.0;
				TARGETED_DEVICE_FAMILY = "1,2";
				TEST_HOST = "$(BUILT_PRODUCTS_DIR)/FNote.app/FNote";
			};
			name = Debug;
		};
		B4BB119423145DC600A380AA /* Release */ = {
			isa = XCBuildConfiguration;
			buildSettings = {
				ALWAYS_EMBED_SWIFT_STANDARD_LIBRARIES = YES;
				BUNDLE_LOADER = "$(TEST_HOST)";
				CODE_SIGN_STYLE = Automatic;
				DEVELOPMENT_TEAM = J58QF9TXDQ;
				INFOPLIST_FILE = FNoteTests/Info.plist;
				IPHONEOS_DEPLOYMENT_TARGET = 13.0;
				LD_RUNPATH_SEARCH_PATHS = (
					"$(inherited)",
					"@executable_path/Frameworks",
					"@loader_path/Frameworks",
				);
				PRODUCT_BUNDLE_IDENTIFIER = com.bdaralan.FNoteTests;
				PRODUCT_NAME = "$(TARGET_NAME)";
				SWIFT_VERSION = 5.0;
				TARGETED_DEVICE_FAMILY = "1,2";
				TEST_HOST = "$(BUILT_PRODUCTS_DIR)/FNote.app/FNote";
			};
			name = Release;
		};
/* End XCBuildConfiguration section */

/* Begin XCConfigurationList section */
		B4BB116823145DC400A380AA /* Build configuration list for PBXProject "FNote" */ = {
			isa = XCConfigurationList;
			buildConfigurations = (
				B4BB118D23145DC600A380AA /* Debug */,
				B4BB118E23145DC600A380AA /* Release */,
			);
			defaultConfigurationIsVisible = 0;
			defaultConfigurationName = Release;
		};
		B4BB118F23145DC600A380AA /* Build configuration list for PBXNativeTarget "FNote" */ = {
			isa = XCConfigurationList;
			buildConfigurations = (
				B4BB119023145DC600A380AA /* Debug */,
				B4BB119123145DC600A380AA /* Release */,
			);
			defaultConfigurationIsVisible = 0;
			defaultConfigurationName = Release;
		};
		B4BB119223145DC600A380AA /* Build configuration list for PBXNativeTarget "FNoteTests" */ = {
			isa = XCConfigurationList;
			buildConfigurations = (
				B4BB119323145DC600A380AA /* Debug */,
				B4BB119423145DC600A380AA /* Release */,
			);
			defaultConfigurationIsVisible = 0;
			defaultConfigurationName = Release;
		};
/* End XCConfigurationList section */

/* Begin XCRemoteSwiftPackageReference section */
		B4928E8A239054FF0060AD45 /* XCRemoteSwiftPackageReference "Down" */ = {
			isa = XCRemoteSwiftPackageReference;
			repositoryURL = "https://github.com/iwasrobbed/Down.git";
			requirement = {
				kind = upToNextMajorVersion;
				minimumVersion = 0.9.0;
			};
		};
/* End XCRemoteSwiftPackageReference section */

/* Begin XCSwiftPackageProductDependency section */
		B4928E8B239054FF0060AD45 /* Down */ = {
			isa = XCSwiftPackageProductDependency;
			package = B4928E8A239054FF0060AD45 /* XCRemoteSwiftPackageReference "Down" */;
			productName = Down;
		};
/* End XCSwiftPackageProductDependency section */

/* Begin XCVersionGroup section */
		B4BB117423145DC400A380AA /* FNote.xcdatamodeld */ = {
			isa = XCVersionGroup;
			children = (
				B4BB117523145DC400A380AA /* FNote.xcdatamodel */,
			);
			currentVersion = B4BB117523145DC400A380AA /* FNote.xcdatamodel */;
			path = FNote.xcdatamodeld;
			sourceTree = "<group>";
			versionGroupType = wrapper.xcdatamodel;
		};
/* End XCVersionGroup section */
	};
	rootObject = B4BB116523145DC400A380AA /* Project object */;
}
