// !$*UTF8*$!
{
	archiveVersion = 1;
	classes = {
	};
	objectVersion = 50;
	objects = {

/* Begin PBXBuildFile section */
		B40A802621F5917300DCDF11 /* DataModel.xcdatamodeld in Sources */ = {isa = PBXBuildFile; fileRef = B40A802421F5917300DCDF11 /* DataModel.xcdatamodeld */; };
		B40A802A21F595B500DCDF11 /* Vocabulary+CoreDataClass.swift in Sources */ = {isa = PBXBuildFile; fileRef = B40A802821F595B500DCDF11 /* Vocabulary+CoreDataClass.swift */; };
		B40A802F21F59A8A00DCDF11 /* Vocabulary+CoreDataProperties.swift in Sources */ = {isa = PBXBuildFile; fileRef = B40A802E21F59A8A00DCDF11 /* Vocabulary+CoreDataProperties.swift */; };
		B40A803121F59C9100DCDF11 /* CoreDataStack.swift in Sources */ = {isa = PBXBuildFile; fileRef = B40A803021F59C9100DCDF11 /* CoreDataStack.swift */; };
		B437BDA121F1972600A1B016 /* AppDelegate.swift in Sources */ = {isa = PBXBuildFile; fileRef = B437BDA021F1972600A1B016 /* AppDelegate.swift */; };
		B437BDA621F1972600A1B016 /* Main.storyboard in Resources */ = {isa = PBXBuildFile; fileRef = B437BDA421F1972600A1B016 /* Main.storyboard */; };
		B437BDA821F1972700A1B016 /* Assets.xcassets in Resources */ = {isa = PBXBuildFile; fileRef = B437BDA721F1972700A1B016 /* Assets.xcassets */; };
		B437BDAB21F1972700A1B016 /* LaunchScreen.storyboard in Resources */ = {isa = PBXBuildFile; fileRef = B437BDA921F1972700A1B016 /* LaunchScreen.storyboard */; };
		B437BDB721F197E900A1B016 /* MainTabBarViewController.swift in Sources */ = {isa = PBXBuildFile; fileRef = B437BDB621F197E900A1B016 /* MainTabBarViewController.swift */; };
		B437BDBA21F198DB00A1B016 /* VocabularyViewController.swift in Sources */ = {isa = PBXBuildFile; fileRef = B437BDB921F198DB00A1B016 /* VocabularyViewController.swift */; };
		B437BDC221F1B80C00A1B016 /* VocabularyCollectionViewController.swift in Sources */ = {isa = PBXBuildFile; fileRef = B437BDC121F1B80C00A1B016 /* VocabularyCollectionViewController.swift */; };
		B437BDC521F1B86500A1B016 /* VocabularyCollectionCell.swift in Sources */ = {isa = PBXBuildFile; fileRef = B437BDC421F1B86500A1B016 /* VocabularyCollectionCell.swift */; };
		B437BDC821F1BB0900A1B016 /* Subview+Constraint.swift in Sources */ = {isa = PBXBuildFile; fileRef = B437BDC621F1BB0800A1B016 /* Subview+Constraint.swift */; };
		B437BDC921F1BB0900A1B016 /* TableView+CollectionView.swift in Sources */ = {isa = PBXBuildFile; fileRef = B437BDC721F1BB0900A1B016 /* TableView+CollectionView.swift */; };
		B45AB9B12219C724009D337C /* VocabularyCollectionCoordinator.swift in Sources */ = {isa = PBXBuildFile; fileRef = B45AB9B02219C724009D337C /* VocabularyCollectionCoordinator.swift */; };
		B45AB9B32219C780009D337C /* VocbularyAdder.swift in Sources */ = {isa = PBXBuildFile; fileRef = B45AB9B22219C780009D337C /* VocbularyAdder.swift */; };
		B45AB9B52219C7C1009D337C /* VocabularyViewer.swift in Sources */ = {isa = PBXBuildFile; fileRef = B45AB9B42219C7C1009D337C /* VocabularyViewer.swift */; };
		B45AB9B8221A5472009D337C /* VocabularyModel.swift in Sources */ = {isa = PBXBuildFile; fileRef = B45AB9B7221A5472009D337C /* VocabularyModel.swift */; };
		B460297C21F3F0C1009C11DE /* OptionTableViewController.swift in Sources */ = {isa = PBXBuildFile; fileRef = B460297B21F3F0C1009C11DE /* OptionTableViewController.swift */; };
		B472F74222073EBF00761939 /* LocalRecord.swift in Sources */ = {isa = PBXBuildFile; fileRef = B472F74122073EBF00761939 /* LocalRecord.swift */; };
		B472F74422076AE200761939 /* Coordinator.swift in Sources */ = {isa = PBXBuildFile; fileRef = B472F74322076AE200761939 /* Coordinator.swift */; };
		B47A07412217D59500EE8856 /* Typealias.swift in Sources */ = {isa = PBXBuildFile; fileRef = B47A07402217D59500EE8856 /* Typealias.swift */; };
		B47A07452217E41200EE8856 /* ManagedObjectContext.swift in Sources */ = {isa = PBXBuildFile; fileRef = B47A07442217E41200EE8856 /* ManagedObjectContext.swift */; };
		B48A620221F23D2500C75A8C /* Image+Color.swift in Sources */ = {isa = PBXBuildFile; fileRef = B48A620121F23D2500C75A8C /* Image+Color.swift */; };
		B48A620421F25E6D00C75A8C /* VocabularyCollectionViewFlowLayout.swift in Sources */ = {isa = PBXBuildFile; fileRef = B48A620321F25E6D00C75A8C /* VocabularyCollectionViewFlowLayout.swift */; };
		B48A620621F2875100C75A8C /* IndexPathList.swift in Sources */ = {isa = PBXBuildFile; fileRef = B48A620521F2875100C75A8C /* IndexPathList.swift */; };
		B48A620A21F2931E00C75A8C /* VocabularyTextFieldCell.swift in Sources */ = {isa = PBXBuildFile; fileRef = B48A620921F2931E00C75A8C /* VocabularyTextFieldCell.swift */; };
		B48A620C21F2B33000C75A8C /* VocabularySelectionCell.swift in Sources */ = {isa = PBXBuildFile; fileRef = B48A620B21F2B33000C75A8C /* VocabularySelectionCell.swift */; };
		B48A620E21F2F4CF00C75A8C /* VocabularyNoteCell.swift in Sources */ = {isa = PBXBuildFile; fileRef = B48A620D21F2F4CF00C75A8C /* VocabularyNoteCell.swift */; };
		B4AD1A632225E30C00459D46 /* Animation.swift in Sources */ = {isa = PBXBuildFile; fileRef = B4AD1A622225E30C00459D46 /* Animation.swift */; };
		B4D5E69E222A2E33000C2DB3 /* ViewController.swift in Sources */ = {isa = PBXBuildFile; fileRef = B4D5E69D222A2E33000C2DB3 /* ViewController.swift */; };
		B4D83D55222B350500CBE6FE /* VocabularyRemover.swift in Sources */ = {isa = PBXBuildFile; fileRef = B4D83D54222B350500CBE6FE /* VocabularyRemover.swift */; };
		B4F03CEA21F62ADC004C4225 /* VocabularyCollection+CoreDataClass.swift in Sources */ = {isa = PBXBuildFile; fileRef = B4F03CE821F62ADC004C4225 /* VocabularyCollection+CoreDataClass.swift */; };
		B4F03CEB21F62ADC004C4225 /* VocabularyCollection+CoreDataProperties.swift in Sources */ = {isa = PBXBuildFile; fileRef = B4F03CE921F62ADC004C4225 /* VocabularyCollection+CoreDataProperties.swift */; };
		B4F03CEE21F62D89004C4225 /* User+CoreDataClass.swift in Sources */ = {isa = PBXBuildFile; fileRef = B4F03CEC21F62D89004C4225 /* User+CoreDataClass.swift */; };
		B4F03CEF21F62D89004C4225 /* User+CoreDataProperties.swift in Sources */ = {isa = PBXBuildFile; fileRef = B4F03CED21F62D89004C4225 /* User+CoreDataProperties.swift */; };
		B4F5C82C21F7B910007E8108 /* CloudKit.framework in Frameworks */ = {isa = PBXBuildFile; fileRef = B4F5C82B21F7B910007E8108 /* CloudKit.framework */; };
		B4F5C82E21F7BF67007E8108 /* CloudKitService.swift in Sources */ = {isa = PBXBuildFile; fileRef = B4F5C82D21F7BF67007E8108 /* CloudKitService.swift */; };
/* End PBXBuildFile section */

/* Begin PBXFileReference section */
		B40A802521F5917300DCDF11 /* DataModel.xcdatamodel */ = {isa = PBXFileReference; lastKnownFileType = wrapper.xcdatamodel; path = DataModel.xcdatamodel; sourceTree = "<group>"; };
		B40A802821F595B500DCDF11 /* Vocabulary+CoreDataClass.swift */ = {isa = PBXFileReference; lastKnownFileType = sourcecode.swift; path = "Vocabulary+CoreDataClass.swift"; sourceTree = "<group>"; };
		B40A802E21F59A8A00DCDF11 /* Vocabulary+CoreDataProperties.swift */ = {isa = PBXFileReference; lastKnownFileType = sourcecode.swift; path = "Vocabulary+CoreDataProperties.swift"; sourceTree = "<group>"; };
		B40A803021F59C9100DCDF11 /* CoreDataStack.swift */ = {isa = PBXFileReference; lastKnownFileType = sourcecode.swift; path = CoreDataStack.swift; sourceTree = "<group>"; };
		B437BD9D21F1972600A1B016 /* FNote.app */ = {isa = PBXFileReference; explicitFileType = wrapper.application; includeInIndex = 0; path = FNote.app; sourceTree = BUILT_PRODUCTS_DIR; };
		B437BDA021F1972600A1B016 /* AppDelegate.swift */ = {isa = PBXFileReference; lastKnownFileType = sourcecode.swift; path = AppDelegate.swift; sourceTree = "<group>"; };
		B437BDA521F1972600A1B016 /* Base */ = {isa = PBXFileReference; lastKnownFileType = file.storyboard; name = Base; path = Base.lproj/Main.storyboard; sourceTree = "<group>"; };
		B437BDA721F1972700A1B016 /* Assets.xcassets */ = {isa = PBXFileReference; lastKnownFileType = folder.assetcatalog; path = Assets.xcassets; sourceTree = "<group>"; };
		B437BDAA21F1972700A1B016 /* Base */ = {isa = PBXFileReference; lastKnownFileType = file.storyboard; name = Base; path = Base.lproj/LaunchScreen.storyboard; sourceTree = "<group>"; };
		B437BDAC21F1972700A1B016 /* Info.plist */ = {isa = PBXFileReference; lastKnownFileType = text.plist.xml; path = Info.plist; sourceTree = "<group>"; };
		B437BDB621F197E900A1B016 /* MainTabBarViewController.swift */ = {isa = PBXFileReference; lastKnownFileType = sourcecode.swift; path = MainTabBarViewController.swift; sourceTree = "<group>"; };
		B437BDB921F198DB00A1B016 /* VocabularyViewController.swift */ = {isa = PBXFileReference; lastKnownFileType = sourcecode.swift; path = VocabularyViewController.swift; sourceTree = "<group>"; };
		B437BDC121F1B80C00A1B016 /* VocabularyCollectionViewController.swift */ = {isa = PBXFileReference; lastKnownFileType = sourcecode.swift; path = VocabularyCollectionViewController.swift; sourceTree = "<group>"; };
		B437BDC421F1B86500A1B016 /* VocabularyCollectionCell.swift */ = {isa = PBXFileReference; lastKnownFileType = sourcecode.swift; path = VocabularyCollectionCell.swift; sourceTree = "<group>"; };
		B437BDC621F1BB0800A1B016 /* Subview+Constraint.swift */ = {isa = PBXFileReference; fileEncoding = 4; lastKnownFileType = sourcecode.swift; path = "Subview+Constraint.swift"; sourceTree = "<group>"; };
		B437BDC721F1BB0900A1B016 /* TableView+CollectionView.swift */ = {isa = PBXFileReference; fileEncoding = 4; lastKnownFileType = sourcecode.swift; path = "TableView+CollectionView.swift"; sourceTree = "<group>"; };
		B45AB9B02219C724009D337C /* VocabularyCollectionCoordinator.swift */ = {isa = PBXFileReference; lastKnownFileType = sourcecode.swift; path = VocabularyCollectionCoordinator.swift; sourceTree = "<group>"; };
		B45AB9B22219C780009D337C /* VocbularyAdder.swift */ = {isa = PBXFileReference; lastKnownFileType = sourcecode.swift; path = VocbularyAdder.swift; sourceTree = "<group>"; };
		B45AB9B42219C7C1009D337C /* VocabularyViewer.swift */ = {isa = PBXFileReference; lastKnownFileType = sourcecode.swift; path = VocabularyViewer.swift; sourceTree = "<group>"; };
		B45AB9B7221A5472009D337C /* VocabularyModel.swift */ = {isa = PBXFileReference; lastKnownFileType = sourcecode.swift; path = VocabularyModel.swift; sourceTree = "<group>"; };
		B460297B21F3F0C1009C11DE /* OptionTableViewController.swift */ = {isa = PBXFileReference; lastKnownFileType = sourcecode.swift; path = OptionTableViewController.swift; sourceTree = "<group>"; };
		B472F74122073EBF00761939 /* LocalRecord.swift */ = {isa = PBXFileReference; lastKnownFileType = sourcecode.swift; path = LocalRecord.swift; sourceTree = "<group>"; };
		B472F74322076AE200761939 /* Coordinator.swift */ = {isa = PBXFileReference; lastKnownFileType = sourcecode.swift; path = Coordinator.swift; sourceTree = "<group>"; };
		B47A07402217D59500EE8856 /* Typealias.swift */ = {isa = PBXFileReference; lastKnownFileType = sourcecode.swift; path = Typealias.swift; sourceTree = "<group>"; };
		B47A07442217E41200EE8856 /* ManagedObjectContext.swift */ = {isa = PBXFileReference; lastKnownFileType = sourcecode.swift; path = ManagedObjectContext.swift; sourceTree = "<group>"; };
		B48A620121F23D2500C75A8C /* Image+Color.swift */ = {isa = PBXFileReference; lastKnownFileType = sourcecode.swift; path = "Image+Color.swift"; sourceTree = "<group>"; };
		B48A620321F25E6D00C75A8C /* VocabularyCollectionViewFlowLayout.swift */ = {isa = PBXFileReference; lastKnownFileType = sourcecode.swift; path = VocabularyCollectionViewFlowLayout.swift; sourceTree = "<group>"; };
		B48A620521F2875100C75A8C /* IndexPathList.swift */ = {isa = PBXFileReference; lastKnownFileType = sourcecode.swift; path = IndexPathList.swift; sourceTree = "<group>"; };
		B48A620921F2931E00C75A8C /* VocabularyTextFieldCell.swift */ = {isa = PBXFileReference; lastKnownFileType = sourcecode.swift; path = VocabularyTextFieldCell.swift; sourceTree = "<group>"; };
		B48A620B21F2B33000C75A8C /* VocabularySelectionCell.swift */ = {isa = PBXFileReference; lastKnownFileType = sourcecode.swift; path = VocabularySelectionCell.swift; sourceTree = "<group>"; };
		B48A620D21F2F4CF00C75A8C /* VocabularyNoteCell.swift */ = {isa = PBXFileReference; lastKnownFileType = sourcecode.swift; path = VocabularyNoteCell.swift; sourceTree = "<group>"; };
		B4AD1A622225E30C00459D46 /* Animation.swift */ = {isa = PBXFileReference; lastKnownFileType = sourcecode.swift; path = Animation.swift; sourceTree = "<group>"; };
		B4D5E69D222A2E33000C2DB3 /* ViewController.swift */ = {isa = PBXFileReference; lastKnownFileType = sourcecode.swift; path = ViewController.swift; sourceTree = "<group>"; };
		B4D83D54222B350500CBE6FE /* VocabularyRemover.swift */ = {isa = PBXFileReference; lastKnownFileType = sourcecode.swift; path = VocabularyRemover.swift; sourceTree = "<group>"; };
		B4F03CE821F62ADC004C4225 /* VocabularyCollection+CoreDataClass.swift */ = {isa = PBXFileReference; lastKnownFileType = sourcecode.swift; path = "VocabularyCollection+CoreDataClass.swift"; sourceTree = "<group>"; };
		B4F03CE921F62ADC004C4225 /* VocabularyCollection+CoreDataProperties.swift */ = {isa = PBXFileReference; lastKnownFileType = sourcecode.swift; path = "VocabularyCollection+CoreDataProperties.swift"; sourceTree = "<group>"; };
		B4F03CEC21F62D89004C4225 /* User+CoreDataClass.swift */ = {isa = PBXFileReference; lastKnownFileType = sourcecode.swift; path = "User+CoreDataClass.swift"; sourceTree = "<group>"; };
		B4F03CED21F62D89004C4225 /* User+CoreDataProperties.swift */ = {isa = PBXFileReference; lastKnownFileType = sourcecode.swift; path = "User+CoreDataProperties.swift"; sourceTree = "<group>"; };
		B4F5C82921F7B8CA007E8108 /* FNote.entitlements */ = {isa = PBXFileReference; lastKnownFileType = text.plist.entitlements; path = FNote.entitlements; sourceTree = "<group>"; };
		B4F5C82B21F7B910007E8108 /* CloudKit.framework */ = {isa = PBXFileReference; lastKnownFileType = wrapper.framework; name = CloudKit.framework; path = System/Library/Frameworks/CloudKit.framework; sourceTree = SDKROOT; };
		B4F5C82D21F7BF67007E8108 /* CloudKitService.swift */ = {isa = PBXFileReference; lastKnownFileType = sourcecode.swift; path = CloudKitService.swift; sourceTree = "<group>"; };
/* End PBXFileReference section */

/* Begin PBXFrameworksBuildPhase section */
		B437BD9A21F1972600A1B016 /* Frameworks */ = {
			isa = PBXFrameworksBuildPhase;
			buildActionMask = 2147483647;
			files = (
				B4F5C82C21F7B910007E8108 /* CloudKit.framework in Frameworks */,
			);
			runOnlyForDeploymentPostprocessing = 0;
		};
/* End PBXFrameworksBuildPhase section */

/* Begin PBXGroup section */
		B40A802721F5958F00DCDF11 /* MOModel+CoreDataStack */ = {
			isa = PBXGroup;
			children = (
				B4F03CEC21F62D89004C4225 /* User+CoreDataClass.swift */,
				B4F03CED21F62D89004C4225 /* User+CoreDataProperties.swift */,
				B4F03CE821F62ADC004C4225 /* VocabularyCollection+CoreDataClass.swift */,
				B4F03CE921F62ADC004C4225 /* VocabularyCollection+CoreDataProperties.swift */,
				B40A802821F595B500DCDF11 /* Vocabulary+CoreDataClass.swift */,
				B40A802E21F59A8A00DCDF11 /* Vocabulary+CoreDataProperties.swift */,
			);
			path = "MOModel+CoreDataStack";
			sourceTree = "<group>";
		};
		B437BD9421F1972600A1B016 = {
			isa = PBXGroup;
			children = (
				B437BD9F21F1972600A1B016 /* FNote */,
				B437BD9E21F1972600A1B016 /* Products */,
				B4F5C82A21F7B910007E8108 /* Frameworks */,
			);
			sourceTree = "<group>";
		};
		B437BD9E21F1972600A1B016 /* Products */ = {
			isa = PBXGroup;
			children = (
				B437BD9D21F1972600A1B016 /* FNote.app */,
			);
			name = Products;
			sourceTree = "<group>";
		};
		B437BD9F21F1972600A1B016 /* FNote */ = {
			isa = PBXGroup;
			children = (
				B437BDC021F1B7AD00A1B016 /* VocabularyCollectionScene */,
				B437BDB821F1981B00A1B016 /* VocabularyScene */,
				B437BDB421F197AD00A1B016 /* Model */,
				B40A802721F5958F00DCDF11 /* MOModel+CoreDataStack */,
				B437BDB321F197AB00A1B016 /* View */,
				B437BDB221F1979300A1B016 /* Controller */,
				B48D5F522217756800066564 /* Coordinator */,
				B45AB9B62219C7F0009D337C /* Protocol */,
				B437BDB521F197AF00A1B016 /* Extension+Utility */,
				B437BDA021F1972600A1B016 /* AppDelegate.swift */,
				B437BDA721F1972700A1B016 /* Assets.xcassets */,
				B437BDA421F1972600A1B016 /* Main.storyboard */,
				B437BDA921F1972700A1B016 /* LaunchScreen.storyboard */,
				B437BDAC21F1972700A1B016 /* Info.plist */,
				B4F5C82921F7B8CA007E8108 /* FNote.entitlements */,
				B40A802421F5917300DCDF11 /* DataModel.xcdatamodeld */,
			);
			path = FNote;
			sourceTree = "<group>";
		};
		B437BDB221F1979300A1B016 /* Controller */ = {
			isa = PBXGroup;
			children = (
				B437BDB621F197E900A1B016 /* MainTabBarViewController.swift */,
				B460297B21F3F0C1009C11DE /* OptionTableViewController.swift */,
			);
			path = Controller;
			sourceTree = "<group>";
		};
		B437BDB321F197AB00A1B016 /* View */ = {
			isa = PBXGroup;
			children = (
			);
			path = View;
			sourceTree = "<group>";
		};
		B437BDB421F197AD00A1B016 /* Model */ = {
			isa = PBXGroup;
			children = (
				B40A803021F59C9100DCDF11 /* CoreDataStack.swift */,
				B4F5C82D21F7BF67007E8108 /* CloudKitService.swift */,
				B48A620521F2875100C75A8C /* IndexPathList.swift */,
				B472F74122073EBF00761939 /* LocalRecord.swift */,
				B45AB9B7221A5472009D337C /* VocabularyModel.swift */,
			);
			path = Model;
			sourceTree = "<group>";
		};
		B437BDB521F197AF00A1B016 /* Extension+Utility */ = {
			isa = PBXGroup;
			children = (
				B47A07402217D59500EE8856 /* Typealias.swift */,
				B437BDC621F1BB0800A1B016 /* Subview+Constraint.swift */,
				B437BDC721F1BB0900A1B016 /* TableView+CollectionView.swift */,
				B48A620121F23D2500C75A8C /* Image+Color.swift */,
				B47A07442217E41200EE8856 /* ManagedObjectContext.swift */,
				B4AD1A622225E30C00459D46 /* Animation.swift */,
				B4D5E69D222A2E33000C2DB3 /* ViewController.swift */,
			);
			path = "Extension+Utility";
			sourceTree = "<group>";
		};
		B437BDB821F1981B00A1B016 /* VocabularyScene */ = {
			isa = PBXGroup;
			children = (
				B437BDB921F198DB00A1B016 /* VocabularyViewController.swift */,
				B48A620921F2931E00C75A8C /* VocabularyTextFieldCell.swift */,
				B48A620B21F2B33000C75A8C /* VocabularySelectionCell.swift */,
				B48A620D21F2F4CF00C75A8C /* VocabularyNoteCell.swift */,
			);
			path = VocabularyScene;
			sourceTree = "<group>";
		};
		B437BDC021F1B7AD00A1B016 /* VocabularyCollectionScene */ = {
			isa = PBXGroup;
			children = (
				B437BDC121F1B80C00A1B016 /* VocabularyCollectionViewController.swift */,
				B48A620321F25E6D00C75A8C /* VocabularyCollectionViewFlowLayout.swift */,
				B437BDC421F1B86500A1B016 /* VocabularyCollectionCell.swift */,
			);
			path = VocabularyCollectionScene;
			sourceTree = "<group>";
		};
		B45AB9B62219C7F0009D337C /* Protocol */ = {
			isa = PBXGroup;
			children = (
				B45AB9B22219C780009D337C /* VocbularyAdder.swift */,
				B45AB9B42219C7C1009D337C /* VocabularyViewer.swift */,
				B4D83D54222B350500CBE6FE /* VocabularyRemover.swift */,
			);
			path = Protocol;
			sourceTree = "<group>";
		};
		B48D5F522217756800066564 /* Coordinator */ = {
			isa = PBXGroup;
			children = (
				B472F74322076AE200761939 /* Coordinator.swift */,
				B45AB9B02219C724009D337C /* VocabularyCollectionCoordinator.swift */,
			);
			path = Coordinator;
			sourceTree = "<group>";
		};
		B4F5C82A21F7B910007E8108 /* Frameworks */ = {
			isa = PBXGroup;
			children = (
				B4F5C82B21F7B910007E8108 /* CloudKit.framework */,
			);
			name = Frameworks;
			sourceTree = "<group>";
		};
/* End PBXGroup section */

/* Begin PBXNativeTarget section */
		B437BD9C21F1972600A1B016 /* FNote */ = {
			isa = PBXNativeTarget;
			buildConfigurationList = B437BDAF21F1972700A1B016 /* Build configuration list for PBXNativeTarget "FNote" */;
			buildPhases = (
				B437BD9921F1972600A1B016 /* Sources */,
				B437BD9A21F1972600A1B016 /* Frameworks */,
				B437BD9B21F1972600A1B016 /* Resources */,
			);
			buildRules = (
			);
			dependencies = (
			);
			name = FNote;
			productName = FNote;
			productReference = B437BD9D21F1972600A1B016 /* FNote.app */;
			productType = "com.apple.product-type.application";
		};
/* End PBXNativeTarget section */

/* Begin PBXProject section */
		B437BD9521F1972600A1B016 /* Project object */ = {
			isa = PBXProject;
			attributes = {
				LastSwiftUpdateCheck = 1010;
				LastUpgradeCheck = 1010;
				ORGANIZATIONNAME = "Dara Beng";
				TargetAttributes = {
					B437BD9C21F1972600A1B016 = {
						CreatedOnToolsVersion = 10.1;
						SystemCapabilities = {
							com.apple.Push = {
								enabled = 1;
							};
							com.apple.iCloud = {
								enabled = 1;
							};
						};
					};
				};
			};
			buildConfigurationList = B437BD9821F1972600A1B016 /* Build configuration list for PBXProject "FNote" */;
			compatibilityVersion = "Xcode 9.3";
			developmentRegion = en;
			hasScannedForEncodings = 0;
			knownRegions = (
				en,
				Base,
			);
			mainGroup = B437BD9421F1972600A1B016;
			productRefGroup = B437BD9E21F1972600A1B016 /* Products */;
			projectDirPath = "";
			projectRoot = "";
			targets = (
				B437BD9C21F1972600A1B016 /* FNote */,
			);
		};
/* End PBXProject section */

/* Begin PBXResourcesBuildPhase section */
		B437BD9B21F1972600A1B016 /* Resources */ = {
			isa = PBXResourcesBuildPhase;
			buildActionMask = 2147483647;
			files = (
				B437BDAB21F1972700A1B016 /* LaunchScreen.storyboard in Resources */,
				B437BDA821F1972700A1B016 /* Assets.xcassets in Resources */,
				B437BDA621F1972600A1B016 /* Main.storyboard in Resources */,
			);
			runOnlyForDeploymentPostprocessing = 0;
		};
/* End PBXResourcesBuildPhase section */

/* Begin PBXSourcesBuildPhase section */
		B437BD9921F1972600A1B016 /* Sources */ = {
			isa = PBXSourcesBuildPhase;
			buildActionMask = 2147483647;
			files = (
				B4F5C82E21F7BF67007E8108 /* CloudKitService.swift in Sources */,
				B472F74222073EBF00761939 /* LocalRecord.swift in Sources */,
				B472F74422076AE200761939 /* Coordinator.swift in Sources */,
				B48A620E21F2F4CF00C75A8C /* VocabularyNoteCell.swift in Sources */,
				B437BDB721F197E900A1B016 /* MainTabBarViewController.swift in Sources */,
				B460297C21F3F0C1009C11DE /* OptionTableViewController.swift in Sources */,
				B47A07412217D59500EE8856 /* Typealias.swift in Sources */,
				B48A620221F23D2500C75A8C /* Image+Color.swift in Sources */,
				B40A802621F5917300DCDF11 /* DataModel.xcdatamodeld in Sources */,
				B437BDA121F1972600A1B016 /* AppDelegate.swift in Sources */,
				B437BDC521F1B86500A1B016 /* VocabularyCollectionCell.swift in Sources */,
				B437BDC821F1BB0900A1B016 /* Subview+Constraint.swift in Sources */,
				B4F03CEE21F62D89004C4225 /* User+CoreDataClass.swift in Sources */,
				B40A803121F59C9100DCDF11 /* CoreDataStack.swift in Sources */,
				B48A620421F25E6D00C75A8C /* VocabularyCollectionViewFlowLayout.swift in Sources */,
				B4D5E69E222A2E33000C2DB3 /* ViewController.swift in Sources */,
				B437BDBA21F198DB00A1B016 /* VocabularyViewController.swift in Sources */,
				B4F03CEA21F62ADC004C4225 /* VocabularyCollection+CoreDataClass.swift in Sources */,
				B47A07452217E41200EE8856 /* ManagedObjectContext.swift in Sources */,
				B48A620A21F2931E00C75A8C /* VocabularyTextFieldCell.swift in Sources */,
				B437BDC921F1BB0900A1B016 /* TableView+CollectionView.swift in Sources */,
				B48A620621F2875100C75A8C /* IndexPathList.swift in Sources */,
				B4AD1A632225E30C00459D46 /* Animation.swift in Sources */,
				B45AB9B12219C724009D337C /* VocabularyCollectionCoordinator.swift in Sources */,
				B40A802A21F595B500DCDF11 /* Vocabulary+CoreDataClass.swift in Sources */,
				B40A802F21F59A8A00DCDF11 /* Vocabulary+CoreDataProperties.swift in Sources */,
				B45AB9B8221A5472009D337C /* VocabularyModel.swift in Sources */,
				B4F03CEF21F62D89004C4225 /* User+CoreDataProperties.swift in Sources */,
				B4F03CEB21F62ADC004C4225 /* VocabularyCollection+CoreDataProperties.swift in Sources */,
				B45AB9B52219C7C1009D337C /* VocabularyViewer.swift in Sources */,
				B48A620C21F2B33000C75A8C /* VocabularySelectionCell.swift in Sources */,
				B45AB9B32219C780009D337C /* VocbularyAdder.swift in Sources */,
				B4D83D55222B350500CBE6FE /* VocabularyRemover.swift in Sources */,
				B437BDC221F1B80C00A1B016 /* VocabularyCollectionViewController.swift in Sources */,
			);
			runOnlyForDeploymentPostprocessing = 0;
		};
/* End PBXSourcesBuildPhase section */

/* Begin PBXVariantGroup section */
		B437BDA421F1972600A1B016 /* Main.storyboard */ = {
			isa = PBXVariantGroup;
			children = (
				B437BDA521F1972600A1B016 /* Base */,
			);
			name = Main.storyboard;
			sourceTree = "<group>";
		};
		B437BDA921F1972700A1B016 /* LaunchScreen.storyboard */ = {
			isa = PBXVariantGroup;
			children = (
				B437BDAA21F1972700A1B016 /* Base */,
			);
			name = LaunchScreen.storyboard;
			sourceTree = "<group>";
		};
/* End PBXVariantGroup section */

/* Begin XCBuildConfiguration section */
		B437BDAD21F1972700A1B016 /* Debug */ = {
			isa = XCBuildConfiguration;
			buildSettings = {
				ALWAYS_SEARCH_USER_PATHS = NO;
				CLANG_ANALYZER_NONNULL = YES;
				CLANG_ANALYZER_NUMBER_OBJECT_CONVERSION = YES_AGGRESSIVE;
				CLANG_CXX_LANGUAGE_STANDARD = "gnu++14";
				CLANG_CXX_LIBRARY = "libc++";
				CLANG_ENABLE_MODULES = YES;
				CLANG_ENABLE_OBJC_ARC = YES;
				CLANG_ENABLE_OBJC_WEAK = YES;
				CLANG_WARN_BLOCK_CAPTURE_AUTORELEASING = YES;
				CLANG_WARN_BOOL_CONVERSION = YES;
				CLANG_WARN_COMMA = YES;
				CLANG_WARN_CONSTANT_CONVERSION = YES;
				CLANG_WARN_DEPRECATED_OBJC_IMPLEMENTATIONS = YES;
				CLANG_WARN_DIRECT_OBJC_ISA_USAGE = YES_ERROR;
				CLANG_WARN_DOCUMENTATION_COMMENTS = YES;
				CLANG_WARN_EMPTY_BODY = YES;
				CLANG_WARN_ENUM_CONVERSION = YES;
				CLANG_WARN_INFINITE_RECURSION = YES;
				CLANG_WARN_INT_CONVERSION = YES;
				CLANG_WARN_NON_LITERAL_NULL_CONVERSION = YES;
				CLANG_WARN_OBJC_IMPLICIT_RETAIN_SELF = YES;
				CLANG_WARN_OBJC_LITERAL_CONVERSION = YES;
				CLANG_WARN_OBJC_ROOT_CLASS = YES_ERROR;
				CLANG_WARN_RANGE_LOOP_ANALYSIS = YES;
				CLANG_WARN_STRICT_PROTOTYPES = YES;
				CLANG_WARN_SUSPICIOUS_MOVE = YES;
				CLANG_WARN_UNGUARDED_AVAILABILITY = YES_AGGRESSIVE;
				CLANG_WARN_UNREACHABLE_CODE = YES;
				CLANG_WARN__DUPLICATE_METHOD_MATCH = YES;
				CODE_SIGN_IDENTITY = "iPhone Developer";
				COPY_PHASE_STRIP = NO;
				DEBUG_INFORMATION_FORMAT = dwarf;
				ENABLE_STRICT_OBJC_MSGSEND = YES;
				ENABLE_TESTABILITY = YES;
				GCC_C_LANGUAGE_STANDARD = gnu11;
				GCC_DYNAMIC_NO_PIC = NO;
				GCC_NO_COMMON_BLOCKS = YES;
				GCC_OPTIMIZATION_LEVEL = 0;
				GCC_PREPROCESSOR_DEFINITIONS = (
					"DEBUG=1",
					"$(inherited)",
				);
				GCC_WARN_64_TO_32_BIT_CONVERSION = YES;
				GCC_WARN_ABOUT_RETURN_TYPE = YES_ERROR;
				GCC_WARN_UNDECLARED_SELECTOR = YES;
				GCC_WARN_UNINITIALIZED_AUTOS = YES_AGGRESSIVE;
				GCC_WARN_UNUSED_FUNCTION = YES;
				GCC_WARN_UNUSED_VARIABLE = YES;
				IPHONEOS_DEPLOYMENT_TARGET = 12.1;
				MTL_ENABLE_DEBUG_INFO = INCLUDE_SOURCE;
				MTL_FAST_MATH = YES;
				ONLY_ACTIVE_ARCH = YES;
				SDKROOT = iphoneos;
				SWIFT_ACTIVE_COMPILATION_CONDITIONS = DEBUG;
				SWIFT_OPTIMIZATION_LEVEL = "-Onone";
			};
			name = Debug;
		};
		B437BDAE21F1972700A1B016 /* Release */ = {
			isa = XCBuildConfiguration;
			buildSettings = {
				ALWAYS_SEARCH_USER_PATHS = NO;
				CLANG_ANALYZER_NONNULL = YES;
				CLANG_ANALYZER_NUMBER_OBJECT_CONVERSION = YES_AGGRESSIVE;
				CLANG_CXX_LANGUAGE_STANDARD = "gnu++14";
				CLANG_CXX_LIBRARY = "libc++";
				CLANG_ENABLE_MODULES = YES;
				CLANG_ENABLE_OBJC_ARC = YES;
				CLANG_ENABLE_OBJC_WEAK = YES;
				CLANG_WARN_BLOCK_CAPTURE_AUTORELEASING = YES;
				CLANG_WARN_BOOL_CONVERSION = YES;
				CLANG_WARN_COMMA = YES;
				CLANG_WARN_CONSTANT_CONVERSION = YES;
				CLANG_WARN_DEPRECATED_OBJC_IMPLEMENTATIONS = YES;
				CLANG_WARN_DIRECT_OBJC_ISA_USAGE = YES_ERROR;
				CLANG_WARN_DOCUMENTATION_COMMENTS = YES;
				CLANG_WARN_EMPTY_BODY = YES;
				CLANG_WARN_ENUM_CONVERSION = YES;
				CLANG_WARN_INFINITE_RECURSION = YES;
				CLANG_WARN_INT_CONVERSION = YES;
				CLANG_WARN_NON_LITERAL_NULL_CONVERSION = YES;
				CLANG_WARN_OBJC_IMPLICIT_RETAIN_SELF = YES;
				CLANG_WARN_OBJC_LITERAL_CONVERSION = YES;
				CLANG_WARN_OBJC_ROOT_CLASS = YES_ERROR;
				CLANG_WARN_RANGE_LOOP_ANALYSIS = YES;
				CLANG_WARN_STRICT_PROTOTYPES = YES;
				CLANG_WARN_SUSPICIOUS_MOVE = YES;
				CLANG_WARN_UNGUARDED_AVAILABILITY = YES_AGGRESSIVE;
				CLANG_WARN_UNREACHABLE_CODE = YES;
				CLANG_WARN__DUPLICATE_METHOD_MATCH = YES;
				CODE_SIGN_IDENTITY = "iPhone Developer";
				COPY_PHASE_STRIP = NO;
				DEBUG_INFORMATION_FORMAT = "dwarf-with-dsym";
				ENABLE_NS_ASSERTIONS = NO;
				ENABLE_STRICT_OBJC_MSGSEND = YES;
				GCC_C_LANGUAGE_STANDARD = gnu11;
				GCC_NO_COMMON_BLOCKS = YES;
				GCC_WARN_64_TO_32_BIT_CONVERSION = YES;
				GCC_WARN_ABOUT_RETURN_TYPE = YES_ERROR;
				GCC_WARN_UNDECLARED_SELECTOR = YES;
				GCC_WARN_UNINITIALIZED_AUTOS = YES_AGGRESSIVE;
				GCC_WARN_UNUSED_FUNCTION = YES;
				GCC_WARN_UNUSED_VARIABLE = YES;
				IPHONEOS_DEPLOYMENT_TARGET = 12.1;
				MTL_ENABLE_DEBUG_INFO = NO;
				MTL_FAST_MATH = YES;
				SDKROOT = iphoneos;
				SWIFT_COMPILATION_MODE = wholemodule;
				SWIFT_OPTIMIZATION_LEVEL = "-O";
				VALIDATE_PRODUCT = YES;
			};
			name = Release;
		};
		B437BDB021F1972700A1B016 /* Debug */ = {
			isa = XCBuildConfiguration;
			buildSettings = {
				ASSETCATALOG_COMPILER_APPICON_NAME = AppIcon;
				CODE_SIGN_ENTITLEMENTS = FNote/FNote.entitlements;
				CODE_SIGN_STYLE = Automatic;
				DEVELOPMENT_TEAM = J58QF9TXDQ;
				INFOPLIST_FILE = FNote/Info.plist;
				LD_RUNPATH_SEARCH_PATHS = (
					"$(inherited)",
					"@executable_path/Frameworks",
				);
				PRODUCT_BUNDLE_IDENTIFIER = com.bdaralan.FNote;
				PRODUCT_NAME = "$(TARGET_NAME)";
				SWIFT_VERSION = 4.2;
				TARGETED_DEVICE_FAMILY = "1,2";
			};
			name = Debug;
		};
		B437BDB121F1972700A1B016 /* Release */ = {
			isa = XCBuildConfiguration;
			buildSettings = {
				ASSETCATALOG_COMPILER_APPICON_NAME = AppIcon;
				CODE_SIGN_ENTITLEMENTS = FNote/FNote.entitlements;
				CODE_SIGN_STYLE = Automatic;
				DEVELOPMENT_TEAM = J58QF9TXDQ;
				INFOPLIST_FILE = FNote/Info.plist;
				LD_RUNPATH_SEARCH_PATHS = (
					"$(inherited)",
					"@executable_path/Frameworks",
				);
				PRODUCT_BUNDLE_IDENTIFIER = com.bdaralan.FNote;
				PRODUCT_NAME = "$(TARGET_NAME)";
				SWIFT_VERSION = 4.2;
				TARGETED_DEVICE_FAMILY = "1,2";
			};
			name = Release;
		};
/* End XCBuildConfiguration section */

/* Begin XCConfigurationList section */
		B437BD9821F1972600A1B016 /* Build configuration list for PBXProject "FNote" */ = {
			isa = XCConfigurationList;
			buildConfigurations = (
				B437BDAD21F1972700A1B016 /* Debug */,
				B437BDAE21F1972700A1B016 /* Release */,
			);
			defaultConfigurationIsVisible = 0;
			defaultConfigurationName = Release;
		};
		B437BDAF21F1972700A1B016 /* Build configuration list for PBXNativeTarget "FNote" */ = {
			isa = XCConfigurationList;
			buildConfigurations = (
				B437BDB021F1972700A1B016 /* Debug */,
				B437BDB121F1972700A1B016 /* Release */,
			);
			defaultConfigurationIsVisible = 0;
			defaultConfigurationName = Release;
		};
/* End XCConfigurationList section */

/* Begin XCVersionGroup section */
		B40A802421F5917300DCDF11 /* DataModel.xcdatamodeld */ = {
			isa = XCVersionGroup;
			children = (
				B40A802521F5917300DCDF11 /* DataModel.xcdatamodel */,
			);
			currentVersion = B40A802521F5917300DCDF11 /* DataModel.xcdatamodel */;
			path = DataModel.xcdatamodeld;
			sourceTree = "<group>";
			versionGroupType = wrapper.xcdatamodel;
		};
/* End XCVersionGroup section */
	};
	rootObject = B437BD9521F1972600A1B016 /* Project object */;
}
